{
  "version": 4,
  "terraform_version": "1.5.7",
  "serial": 53,
  "lineage": "f991c13d-e9df-9919-4bb6-51b5f3397338",
  "outputs": {
    "cloud_run_service_account_email": {
      "value": "cloud-run-sa-dev@centering-vine-454613-b3.iam.gserviceaccount.com",
      "type": "string"
    },
    "cloud_run_service_account_key": {
      "value": "ewogICJ0eXBlIjogInNlcnZpY2VfYWNjb3VudCIsCiAgInByb2plY3RfaWQiOiAiY2VudGVyaW5nLXZpbmUtNDU0NjEzLWIzIiwKICAicHJpdmF0ZV9rZXlfaWQiOiAiZTczNzRkYmJlMWUyYTI0NGE1YjQzOGU2MjJhYzBjZDIyYmUzMmZiNyIsCiAgInByaXZhdGVfa2V5IjogIi0tLS0tQkVHSU4gUFJJVkFURSBLRVktLS0tLVxuTUlJRXZRSUJBREFOQmdrcWhraUc5dzBCQVFFRkFBU0NCS2N3Z2dTakFnRUFBb0lCQVFDd2pDYXd1SFF2eDFjK1xuOFRvWlZmMUkya2lIeG8vS1p4czZScmIzYnY3cVlWSGlCY3haQkZ0ZUdjdVVzOGZKUkZYNW9jZE4zaUcyVVkvRFxuSHlFK29SblpnTXgrb1laNjk1SXdXSFdHTFo4aml1ZHl2eUpTWDdVQ0RlRlRmcU5uT3BJdnRqeWtKUGltVGJwNVxuZWx5czNsdGFQZC9nWS9mSWZGUXlEY3B1UDNpamtTdjlMNjI0QXFqOVhtekFjb0ZkWEg0Um1jM1JwSTRkVXVzMVxuWE5TWHFuWGdmRnp2TnNudVVrOHovNUk0UlVSTnpMMUpPc3BMUTFueWlKRVpqK2tCcDZVRy81Y2c4cC9kazJ6WlxuNElNMUc1VG5BTllqMkFNN1dPRkEyd29GVFZva1FZT0Nyc3JaekZrV0VKUE9YSVdlZWtXRjBoTGRyVnRMeHJEMVxuNURrUDJHb3BBZ01CQUFFQ2dnRUFPUnBqeTBZbUFtd3lDb0JBd0FBaHFBWStibmdwZXhpRlpJQ0ozcGRPcVdXblxuOC9qWEl6VzNEY1UvSlU1UEFRankzQWJaTFpUN0IzcnpDblFQcnkreGFqbndLc2M0OVo0TThVa3pYaDUwZWkwTFxuOW4vZTdKRGJQWnBhdHNSZnV0eGxlend3K2hDaFFqMGk0dmJTY2ZHTHo3RHlzQ1AxZWFuSkc5VjlFOUxBeFBwOVxuVHVFcWFEWTVSUzNJdFRuQ093SmZ0Z3ZLMWJ4amYyb2JIdG1uQzZvV2svOStvUlBuTGJOSklCaHNhYVI4cUo3aVxuL0dmdXc3T2JGMVIvR05iUitTNk5rTFpISGl2czFDa1VGdG5iTzVNQlZYenhPK2lwcVVOY1hhVHNzcm9QM2tmVVxuSXJob285a0FscEs3cFZVY0I5T0RYbGp5SG4rZmpBeHYwVTVmSjdSWXR3S0JnUUQwRGtaNTMyV1l5Q2xBTzRBb1xueWtaNUxJelZ5MHJLc3FhRTlER0lNRWtHWWdOeHB0SWE1Nk1jQy9wK2R1dzU1K3ErMDNYQzZEODZkK3lMUktSeFxuUDRVbU9GWm1DRWF1RFFaOXNnbXhjMjFYUExIZnhoSjd0TXkyL2h2N043cmRkNXc1TSs3dWdJaFpNOUQ1V0dwTlxuNGhlYzgzNkRPYnV2UlFncUozNHVCTk91ZXdLQmdRQzVNQlFFaDhUcTB6SnZEbzZvWk1CeUU2MzBqdk1nQWJBT1xuN1ZQNWhiWEtLcFJOU1RJdVdnRFpDSytNYWl3Rk5hdllqeWdBeEZ1Q0FsS1E0WXdVcVUzb3B1cnd3ZC9lZzhYVVxuMittUHl4d2NqbmxSeEJzK2k3amlYM2xIaUV2R2tCQTFRY3BZWFAxWUxWT2VRSWh6TGR2L3JZbXp4T1NXQzFpQ1xuTlVMalJGRTZxd0tCZ0drQS8xZU9RMk1SczVYY1E4N0pBTHMvN0xSTGpEbGIxZ05jSVRlTU5zOFZPcEFhaTBsaVxuSWk1K0JOK0dnU3FFMnQ0Umt4Z3gzb3BrY0pTWEN2MWlyQUgrdVVXYkIvWDR5ck1uOTcydWdQdkl0R3NvQ0duTFxuSjAwUVZhK25rYkdadGRCeXhMaysrZXNQUFRrYXpsb0dEY3pNZ3NFcEJOUnJLaEVnL3N3RDdhT2pBb0dBWTJjRlxuTjdGUTUrTlpqUGM1Wi9ZOHZuOEZ2dUlFYXNlOUl5WU5EMERRWmFZWldLclRmc0hjOXFLTTZFZ05QUGFrT1dnT1xuUnVzZlcxZTN6Z0RqV2l2T24vVUk0eGFOL2ppcE5pcWM0Z3hhR0pINVdRUjB3MHZvZjhwVHBTdnAwTGwvbWJhb1xuMEdtSnE0MFk5emNZaHdxMHJqY09WU3A0c0htQ2x0SFVCMzJpUkdVQ2dZRUFxem8zN0crclRvTzVHQ2l6bXJCRlxuV3ZNTEJrT0hqNjI2UzIyMTByZ3RpQ0Q5SHQ1bjd5Y29ucGZUdWxzeWNwQWJuUmpnYmJxSkZjQzNpNVVhUlVaUVxuNy9ldUNRNTlvM04yR1dIR2lQeTVjRWRyQnhQcFBpVWhSUVViVGxLcjR6ZlRHNWhEKzdvTWdNb1pRRmswUTZYMFxueGc5ZmpISTlDcURnemlDaGs0MU9PZW89XG4tLS0tLUVORCBQUklWQVRFIEtFWS0tLS0tXG4iLAogICJjbGllbnRfZW1haWwiOiAiY2xvdWQtcnVuLXNhLWRldkBjZW50ZXJpbmctdmluZS00NTQ2MTMtYjMuaWFtLmdzZXJ2aWNlYWNjb3VudC5jb20iLAogICJjbGllbnRfaWQiOiAiMTA0NTg4NDM4NjMxNzcxNTA2NDY3IiwKICAiYXV0aF91cmkiOiAiaHR0cHM6Ly9hY2NvdW50cy5nb29nbGUuY29tL28vb2F1dGgyL2F1dGgiLAogICJ0b2tlbl91cmkiOiAiaHR0cHM6Ly9vYXV0aDIuZ29vZ2xlYXBpcy5jb20vdG9rZW4iLAogICJhdXRoX3Byb3ZpZGVyX3g1MDlfY2VydF91cmwiOiAiaHR0cHM6Ly93d3cuZ29vZ2xlYXBpcy5jb20vb2F1dGgyL3YxL2NlcnRzIiwKICAiY2xpZW50X3g1MDlfY2VydF91cmwiOiAiaHR0cHM6Ly93d3cuZ29vZ2xlYXBpcy5jb20vcm9ib3QvdjEvbWV0YWRhdGEveDUwOS9jbG91ZC1ydW4tc2EtZGV2JTQwY2VudGVyaW5nLXZpbmUtNDU0NjEzLWIzLmlhbS5nc2VydmljZWFjY291bnQuY29tIiwKICAidW5pdmVyc2VfZG9tYWluIjogImdvb2dsZWFwaXMuY29tIgp9Cg==",
      "type": "string",
      "sensitive": true
    },
    "datasets_bucket_name": {
      "value": "centering-vine-454613-b3-ml-datasets-dev",
      "type": "string"
    },
    "datasets_bucket_url": {
      "value": "gs://centering-vine-454613-b3-ml-datasets-dev",
      "type": "string"
    },
    "enabled_apis": {
      "value": [
        "aiplatform.googleapis.com",
        "run.googleapis.com",
        "storage.googleapis.com",
        "compute.googleapis.com",
        "iam.googleapis.com",
        "cloudbuild.googleapis.com",
        "secretmanager.googleapis.com",
        "logging.googleapis.com"
      ],
      "type": [
        "tuple",
        [
          "string",
          "string",
          "string",
          "string",
          "string",
          "string",
          "string",
          "string"
        ]
      ]
    },
    "env_vars_summary": {
      "value": "# GCP Configuration\nGCP_PROJECT_ID=centering-vine-454613-b3\nGCP_REGION=us-central1\nGCP_ENVIRONMENT=dev\n\n# Service Accounts\nVERTEX_AI_SA=vertex-ai-sa-dev@centering-vine-454613-b3.iam.gserviceaccount.com\nCLOUD_RUN_SA=cloud-run-sa-dev@centering-vine-454613-b3.iam.gserviceaccount.com\nN8N_SA=n8n-sa-dev@centering-vine-454613-b3.iam.gserviceaccount.com\n\n# Storage Buckets\nGCS_DATASETS_BUCKET=centering-vine-454613-b3-ml-datasets-dev\nGCS_MODELS_BUCKET=centering-vine-454613-b3-ml-models-dev\nGCS_TRAINING_BUCKET=centering-vine-454613-b3-ml-training-dev\nGCS_N8N_BUCKET=centering-vine-454613-b3-n8n-workflows-dev\n\n# Vertex AI\nVERTEX_AI_LOCATION=us-central1\n",
      "type": "string"
    },
    "environment": {
      "value": "dev",
      "type": "string"
    },
    "models_bucket_name": {
      "value": "centering-vine-454613-b3-ml-models-dev",
      "type": "string"
    },
    "models_bucket_url": {
      "value": "gs://centering-vine-454613-b3-ml-models-dev",
      "type": "string"
    },
    "n8n_service_account_email": {
      "value": "n8n-sa-dev@centering-vine-454613-b3.iam.gserviceaccount.com",
      "type": "string"
    },
    "n8n_service_account_key": {
      "value": "ewogICJ0eXBlIjogInNlcnZpY2VfYWNjb3VudCIsCiAgInByb2plY3RfaWQiOiAiY2VudGVyaW5nLXZpbmUtNDU0NjEzLWIzIiwKICAicHJpdmF0ZV9rZXlfaWQiOiAiNzEwOTNkZTFhZDI3YmVjZjBmNzg4NzJhNzFkMjFmNDNjZWQxNzU4YyIsCiAgInByaXZhdGVfa2V5IjogIi0tLS0tQkVHSU4gUFJJVkFURSBLRVktLS0tLVxuTUlJRXZnSUJBREFOQmdrcWhraUc5dzBCQVFFRkFBU0NCS2d3Z2dTa0FnRUFBb0lCQVFEZTBKSVhnbjlFRnl4VlxuTHZVTFFhUnd1WWFsRjRjRUM1YTV1TDdyb1FxbUNpcHd3V1M1SXdNenRhSXFhajhadUVNbFdWYU5RNGpUUHpJOVxuUEFiQTdMa0ZCUk5ERCtPeGt1cjV3R3BjL3gyMDgwVUFCY1owMktYbkY1VkdLNERwUjlrQUtJL1Z0cWQvbUF1NVxuNTZ6MkV4dUxyZFVmNFNFTkNORTVodStwQkh3dS9mdTBmUnZOOFh0SERuQUNOOWVMaklNblZqTXc0VlZoMDI0NFxuRFhYMzEvdlJvUHVUcVFLc1d5b3plelMrZmcyUXNuNUVIakxGZEQ2bU9KZU9uaXZROThPSlIybVR6YzlzRlJFelxuaGl2bm41UERFd0lPY1FsTlVLNjN0NXk5ZnZuRUFPckJpUWViT043Q0d0SkdwY2lJbk5nRlZYb0RYWlpOdk1xelxuTlNRaDZic1pBZ01CQUFFQ2dnRUFDVEc4R3VJL1ZDcE1vYkNRQmdpTnU0KzhURXNJbEQ4bmdoUnJORzFFYzQ0NVxuMVhDZ01tVGllSnR4ektSRHVhWk9od0phYUV2Z0g5b2N2WnJMZ0l5RUpLazM4KzE2UWlxWTJFNG1BQjVsaXhaUVxuR094NWF2cnNVRTZRZkt2R09hOXdUSlJmNkdhNEgxNFdleDVoN0dtUGI4SndQVXpjbGZMR01oblhxK0YyZjdpQlxubUVVUVZneUx2S3dlUitlUXBvTXlUSE9BY3lKVjBXR0lTbjhDeDRheExhUlZPWHJaWGF6WmJuZncrbDVyc2ZNYlxuVDByRlBiWHJDRkpzQklsVjlVbVcwMEpmSWxjQlRWcVh0MEM1bndUZ3gwRlNudG1BOG5qQ0Fka3pYWk9ZY3FPclxuMWZLRXdEcHNzYi9FejFiZWFjenlDeU5YbHFMNmlhUUkvOTg4UEtzd0FRS0JnUUR5ZVo3MUtreDNHWWdTeG8wblxuWXpWVVp6MnlGMnI0ZEFTMERGNkdoTjdQUmhCSlpRVE5qWkxuQjlZM2h2SW1IRUJlT3dSQTNQYUpGWjRJR3M0d1xuN1hBZTRRZGI4bGVVejkxVWhlRnlnZ1VrYjIxNVM5Si9PK1B6c0dYQmN0Z1djaENCSTlrNytDY0U3NkRoZnBKMVxueXFyU09LMWljc2piTHJ1Q3doS0xNMEFGR1FLQmdRRHJQamFhZHVGV090cStxNnJqVk5DbktkSk9MSHA0Ti8xMVxuYVQrdUxQRDNZRW1WMVNXQUF4YTZVaXNsdEEyMlltcGVxaVdaNDZYdkNMZ3dja09zbzJRcVhmdjhKVGdwK29zZ1xuNExnOGw2SDJ4dGQvRnBybDlOMU5janpTT1ozRU40UlRYKzdXaEFEeDhkeE9OQjNDY2FVTGdMdGx5alZqai9wdlxuclhYajhpZ21BUUtCZ1FEWjJrL3BNZ0hWbUFqYjVheDQwUGZmUjRyMDhYbFlsTlNNOS9nTm9GK1hsdm1YRjc0Q1xuK01vZDdMcVkxUlBIRGViL1FzTUZqQUd0Rk5FUnN4UENmZklZckZHeVdNQTdvYTdYL0JtY2loa1lyVXlNaUlVdFxuYjUvVkdJMjBDdnorM2FqYWZsejFOblhJUjR3aVRWaEZvTHR0ZVNLK3F5YXZWd045N2VRL1VPS2FNUUtCZ0VMU1xuVVVCZk5ITUNGTkRFZ3E1QWtXUnFoTXFmNThudVhaalVaTHBkR2JXckxEdmJaK09NL1ErLzkzR21TNTdiSmN2dVxuR1BBMXNoVE1MVVhWcjFPQ3Roa3l5VGsrZVUyelZZSHBVMndpeG1jSzVIdTlPQkxLRTNMRVdISisyMG01VzJVelxuZ3V4OFlxaFhRM1VUYU1DcTkyN2xDbFpIc2hLdCt6MXQwR2NIaWxBQkFvR0JBSk1Ud3BLZy9Qa3RhNDVsMkt1ZFxuNlZLSDZ0ZnhyUDF2TkFJZXhUWktBaWNoeFltUDVRNGJlZ2NZVmNiUmhNOHY0Vm9yUFlDTWFna3RCa2NnOHE3dlxucGFhcVpyZmppVmRmRDc0TGVIN2xaQmwyNEVvU0xhdFpsYk1pcGwzbVJRd1pMSlpVQkcxNTdJRDlmTmxyVW5zRVxuNHRmT011MCsxdkZSL3FYY1ptam9TT05pXG4tLS0tLUVORCBQUklWQVRFIEtFWS0tLS0tXG4iLAogICJjbGllbnRfZW1haWwiOiAibjhuLXNhLWRldkBjZW50ZXJpbmctdmluZS00NTQ2MTMtYjMuaWFtLmdzZXJ2aWNlYWNjb3VudC5jb20iLAogICJjbGllbnRfaWQiOiAiMTE0ODEwNjE3OTM4NjMyMDE0NzcyIiwKICAiYXV0aF91cmkiOiAiaHR0cHM6Ly9hY2NvdW50cy5nb29nbGUuY29tL28vb2F1dGgyL2F1dGgiLAogICJ0b2tlbl91cmkiOiAiaHR0cHM6Ly9vYXV0aDIuZ29vZ2xlYXBpcy5jb20vdG9rZW4iLAogICJhdXRoX3Byb3ZpZGVyX3g1MDlfY2VydF91cmwiOiAiaHR0cHM6Ly93d3cuZ29vZ2xlYXBpcy5jb20vb2F1dGgyL3YxL2NlcnRzIiwKICAiY2xpZW50X3g1MDlfY2VydF91cmwiOiAiaHR0cHM6Ly93d3cuZ29vZ2xlYXBpcy5jb20vcm9ib3QvdjEvbWV0YWRhdGEveDUwOS9uOG4tc2EtZGV2JTQwY2VudGVyaW5nLXZpbmUtNDU0NjEzLWIzLmlhbS5nc2VydmljZWFjY291bnQuY29tIiwKICAidW5pdmVyc2VfZG9tYWluIjogImdvb2dsZWFwaXMuY29tIgp9Cg==",
      "type": "string",
      "sensitive": true
    },
    "n8n_workflows_bucket_name": {
      "value": "centering-vine-454613-b3-n8n-workflows-dev",
      "type": "string"
    },
    "n8n_workflows_bucket_url": {
      "value": "gs://centering-vine-454613-b3-n8n-workflows-dev",
      "type": "string"
    },
    "project_id": {
      "value": "centering-vine-454613-b3",
      "type": "string"
    },
    "region": {
      "value": "us-central1",
      "type": "string"
    },
    "training_artifacts_bucket_name": {
      "value": "centering-vine-454613-b3-ml-training-dev",
      "type": "string"
    },
    "training_artifacts_bucket_url": {
      "value": "gs://centering-vine-454613-b3-ml-training-dev",
      "type": "string"
    },
    "vertex_ai_service_account_email": {
      "value": "vertex-ai-sa-dev@centering-vine-454613-b3.iam.gserviceaccount.com",
      "type": "string"
    },
    "vertex_ai_service_account_key": {
      "value": "ewogICJ0eXBlIjogInNlcnZpY2VfYWNjb3VudCIsCiAgInByb2plY3RfaWQiOiAiY2VudGVyaW5nLXZpbmUtNDU0NjEzLWIzIiwKICAicHJpdmF0ZV9rZXlfaWQiOiAiZGMzNmFmMGUzYzhkNTA3YzVjMGUzNDRiYmUwMGM5ZWZhMzc2YWQ5ZiIsCiAgInByaXZhdGVfa2V5IjogIi0tLS0tQkVHSU4gUFJJVkFURSBLRVktLS0tLVxuTUlJRXZ3SUJBREFOQmdrcWhraUc5dzBCQVFFRkFBU0NCS2t3Z2dTbEFnRUFBb0lCQVFEQmlCMjRWMzFBQnhxeFxuZk1zNXpEZTBrVmhSMmwrVFlXcGdLWlVOTVFjVU12OWlQK0pjTGQ1VzloeklpUFlGVk1DQ2dJeFV6TzN3U3JYRFxuM0VKQXgyRWEvVHVwMUpoUC9udVVSNnNtZ1JHZEc1bW13RXV6dHhPWC94V1UyTlZ6TU02alVqMU50enFZS2o0SFxuSU16cGRoVmF3c2pNUlRJOFZJTURxdytqMGh3am04SURWVG9CWmwyZE1ZaHR0eDdwMUh3dlZiWkpuL3ZhZFgxdFxuS3FhZ1VZUklnaW5UYkdFS1pnM253OUlxNmYrSU82L3pDaXRxNHJpY3J4MVRSSFV1eTdhYmlCRWlWcUhtN2F2bFxuRUZqYjY2dEdTcmdPMGFFOXMrSHZKdE1GWEUrZ0lSU0ZxM3M0U3FmVm5pQ1NYWXE5QWVmV0lXbHY4TmhZUzlKOVxub2ljcEVFT1RBZ01CQUFFQ2dnRUFPSVlOMEJwVmJZN2xuL01IMUJDdU1HSEcvdGtkMHdpL3JlaFhMU3dsbWlPdVxuN1Q0bFdiRFg0R1F2VWU2V2xFWUZsOWY5cElMWjk3V0tVdk1Rc3FUSTJyNGRYK1BFdkpCaC9aUFZEQURrYVJOM1xuay9sVDR1QlVxNjhIMlpwZTlTN0xHMjVZazBzeHBPR3BqaUZwVjhKeVNEamR0ck43RVozSlNoZjdFR2k4YVRXQlxuV3IwK0ZIdDlzUlBmVUV3MDJ2ajVQRHhEYnQxQUxhbkpUSkF2R21hNTh2NDhrU3JqNDlNQm9RQ3M2SGcvVUJENlxuSGNDcXg0QXBVMXFmdWJxUzFhQXYxS1hkVTdrRTBsNUhVUXdEYjlmSnNtNnRPaGRVMElaRHN1N3hZMmFxZnZ0RlxubzlzaUZwdVNBVStzNmlXWnZIMGlWZGlpbmtFUDZVRk5zYWttMXJnYWFRS0JnUUR2dnphZVgrZUdhVVRvRllnL1xucGwzcjVEdXpaaFJ5T25BVG9UbFBmbVJxUy82TWk3cUdRN3Iwc1h1MHh3MWxNVWRIWjBhcVdLUDBqc3BKT0p3Y1xuTkV2LytMS25uQjgwRGJ3SXJDUFU2eDk4UFRsSE9zYStxb3VOQm51ck9DYnJ2VEt4aERLN2dqU2FqaHJ1ZVlocFxuMU85emljdk8xRDFTR0d2Z3ZNYUhmQjJLRHdLQmdRRE9wdGQxVi9FY0JTSU5UYjU4RnZmOE9PUndFQWhjVUV2dlxuNlNqTy8rNC9QT2pXaEdpV3REbjFSbHFMeEcrNWZBbkQwUktwQzVKM0lZcWt4OW85YzRZWnJRcmJWVFU5NVZtVFxuN2xmNDlKZko4dEpLamNRS3ZYeVBsSER5RmRTOENzTnJkT2pRWVJpZi9DMjNlQjVVRUFLSEZ1clVZeUcyMGpwelxuSnNYc2VTbkNQUUtCZ1FDd3c0ckJ1blE1NWVPb09qZjZ0ZThKdlgxSENEeUsvQXNtYmZpVFk5MGxnbUpydlpvSVxuNUdjemdxaHk0VkEvQzlaQ0R5Tks5WS90QUZxbElkZjM4NWNWWTRoVmpBWjFtcXJJdWlLeEdhcGRMOGJMZmNxTFxuU2JNYWgyMG5FSCtoMEIxUVJPZ2kyQjF3MXRXRWZwYlZjT29iaGIxL0FYMDB5a3kvcG0rNTlRalNnUUtCZ1FDS1xueXFPS3ZEWERpKzhDNEdRL0UyNGFpRnRrcUYvMUlEamdPTWlmdm1SVk5LTnM4Q0VPbHAwV2p0bmhaVjFrUmxxSVxubWJMZXRsYjRqQjZCN1hnMkxaQ3pUZlVzdWwyMzVJSDFTTzdzMWRuY1dLbkVTTktTSkJHMG5RMytpWXNIZ0hNZlxuaUxXVXZxRzdVYk9pdFpvbysxZTNRejBVeUQrc2VpV25rVEw5VDZNc1FRS0JnUURreWVQZVc5WEVNaFJKaDZ5T1xuSnk2OE9oZmVzckdPTEJUV01mYXlPVlRNNHduWE9PUHMyc1dVVTY3ZExHQnVYZXR6MnAxWmlqSWFZMzJkTUtaSlxuYWs5OG5WcUFSY084aXFHMU9RZjlYR1ZIVHNibUh6V3VNUVZvRlFYOXY2M1JTYWM2SXptc2drTmRkemYrVXpmNlxubGQ5aGZYVUw5Z3BobkFOelh3U0RLTGFQUHc9PVxuLS0tLS1FTkQgUFJJVkFURSBLRVktLS0tLVxuIiwKICAiY2xpZW50X2VtYWlsIjogInZlcnRleC1haS1zYS1kZXZAY2VudGVyaW5nLXZpbmUtNDU0NjEzLWIzLmlhbS5nc2VydmljZWFjY291bnQuY29tIiwKICAiY2xpZW50X2lkIjogIjExNDIyNjExMTE1MzIxMTc4MTQwOCIsCiAgImF1dGhfdXJpIjogImh0dHBzOi8vYWNjb3VudHMuZ29vZ2xlLmNvbS9vL29hdXRoMi9hdXRoIiwKICAidG9rZW5fdXJpIjogImh0dHBzOi8vb2F1dGgyLmdvb2dsZWFwaXMuY29tL3Rva2VuIiwKICAiYXV0aF9wcm92aWRlcl94NTA5X2NlcnRfdXJsIjogImh0dHBzOi8vd3d3Lmdvb2dsZWFwaXMuY29tL29hdXRoMi92MS9jZXJ0cyIsCiAgImNsaWVudF94NTA5X2NlcnRfdXJsIjogImh0dHBzOi8vd3d3Lmdvb2dsZWFwaXMuY29tL3JvYm90L3YxL21ldGFkYXRhL3g1MDkvdmVydGV4LWFpLXNhLWRldiU0MGNlbnRlcmluZy12aW5lLTQ1NDYxMy1iMy5pYW0uZ3NlcnZpY2VhY2NvdW50LmNvbSIsCiAgInVuaXZlcnNlX2RvbWFpbiI6ICJnb29nbGVhcGlzLmNvbSIKfQo=",
      "type": "string",
      "sensitive": true
    },
    "workload_identity_enabled": {
      "value": true,
      "type": "bool"
    }
  },
  "resources": [
    {
      "mode": "managed",
      "type": "google_project_iam_member",
      "name": "cloud_run_roles",
      "provider": "provider[\"registry.terraform.io/hashicorp/google\"]",
      "instances": [
        {
          "index_key": "roles/aiplatform.user",
          "schema_version": 0,
          "attributes": {
            "condition": [],
            "etag": "BwZCSQh8OA4=",
            "id": "centering-vine-454613-b3/roles/aiplatform.user/serviceAccount:cloud-run-sa-dev@centering-vine-454613-b3.iam.gserviceaccount.com",
            "member": "serviceAccount:cloud-run-sa-dev@centering-vine-454613-b3.iam.gserviceaccount.com",
            "project": "centering-vine-454613-b3",
            "role": "roles/aiplatform.user"
          },
          "sensitive_attributes": [],
          "private": "bnVsbA==",
          "dependencies": [
            "google_project_service.required_apis",
            "google_service_account.cloud_run"
          ]
        },
        {
          "index_key": "roles/logging.logWriter",
          "schema_version": 0,
          "attributes": {
            "condition": [],
            "etag": "BwZCSQh8OA4=",
            "id": "centering-vine-454613-b3/roles/logging.logWriter/serviceAccount:cloud-run-sa-dev@centering-vine-454613-b3.iam.gserviceaccount.com",
            "member": "serviceAccount:cloud-run-sa-dev@centering-vine-454613-b3.iam.gserviceaccount.com",
            "project": "centering-vine-454613-b3",
            "role": "roles/logging.logWriter"
          },
          "sensitive_attributes": [],
          "private": "bnVsbA==",
          "dependencies": [
            "google_project_service.required_apis",
            "google_service_account.cloud_run"
          ]
        },
        {
          "index_key": "roles/monitoring.metricWriter",
          "schema_version": 0,
          "attributes": {
            "condition": [],
            "etag": "BwZCSQh8OA4=",
            "id": "centering-vine-454613-b3/roles/monitoring.metricWriter/serviceAccount:cloud-run-sa-dev@centering-vine-454613-b3.iam.gserviceaccount.com",
            "member": "serviceAccount:cloud-run-sa-dev@centering-vine-454613-b3.iam.gserviceaccount.com",
            "project": "centering-vine-454613-b3",
            "role": "roles/monitoring.metricWriter"
          },
          "sensitive_attributes": [],
          "private": "bnVsbA==",
          "dependencies": [
            "google_project_service.required_apis",
            "google_service_account.cloud_run"
          ]
        },
        {
          "index_key": "roles/storage.objectViewer",
          "schema_version": 0,
          "attributes": {
            "condition": [],
            "etag": "BwZCSQh8OA4=",
            "id": "centering-vine-454613-b3/roles/storage.objectViewer/serviceAccount:cloud-run-sa-dev@centering-vine-454613-b3.iam.gserviceaccount.com",
            "member": "serviceAccount:cloud-run-sa-dev@centering-vine-454613-b3.iam.gserviceaccount.com",
            "project": "centering-vine-454613-b3",
            "role": "roles/storage.objectViewer"
          },
          "sensitive_attributes": [],
          "private": "bnVsbA==",
          "dependencies": [
            "google_project_service.required_apis",
            "google_service_account.cloud_run"
          ]
        }
      ]
    },
    {
      "mode": "managed",
      "type": "google_project_iam_member",
      "name": "cloud_run_vertex_ai_invoker",
      "provider": "provider[\"registry.terraform.io/hashicorp/google\"]",
      "instances": [
        {
          "schema_version": 0,
          "attributes": {
            "condition": [],
            "etag": "BwZCSQfDGgQ=",
            "id": "centering-vine-454613-b3/roles/aiplatform.user/serviceAccount:cloud-run-sa-dev@centering-vine-454613-b3.iam.gserviceaccount.com",
            "member": "serviceAccount:cloud-run-sa-dev@centering-vine-454613-b3.iam.gserviceaccount.com",
            "project": "centering-vine-454613-b3",
            "role": "roles/aiplatform.user"
          },
          "sensitive_attributes": [],
          "private": "bnVsbA==",
          "dependencies": [
            "google_service_account.cloud_run"
          ]
        }
      ]
    },
    {
      "mode": "managed",
      "type": "google_project_iam_member",
      "name": "n8n_roles",
      "provider": "provider[\"registry.terraform.io/hashicorp/google\"]",
      "instances": [
        {
          "index_key": "roles/aiplatform.user",
          "schema_version": 0,
          "attributes": {
            "condition": [],
            "etag": "BwZCSQh8OA4=",
            "id": "centering-vine-454613-b3/roles/aiplatform.user/serviceAccount:n8n-sa-dev@centering-vine-454613-b3.iam.gserviceaccount.com",
            "member": "serviceAccount:n8n-sa-dev@centering-vine-454613-b3.iam.gserviceaccount.com",
            "project": "centering-vine-454613-b3",
            "role": "roles/aiplatform.user"
          },
          "sensitive_attributes": [],
          "private": "bnVsbA==",
          "dependencies": [
            "google_project_service.required_apis",
            "google_service_account.n8n"
          ]
        },
        {
          "index_key": "roles/logging.logWriter",
          "schema_version": 0,
          "attributes": {
            "condition": [],
            "etag": "BwZCSQh8OA4=",
            "id": "centering-vine-454613-b3/roles/logging.logWriter/serviceAccount:n8n-sa-dev@centering-vine-454613-b3.iam.gserviceaccount.com",
            "member": "serviceAccount:n8n-sa-dev@centering-vine-454613-b3.iam.gserviceaccount.com",
            "project": "centering-vine-454613-b3",
            "role": "roles/logging.logWriter"
          },
          "sensitive_attributes": [],
          "private": "bnVsbA==",
          "dependencies": [
            "google_project_service.required_apis",
            "google_service_account.n8n"
          ]
        },
        {
          "index_key": "roles/run.invoker",
          "schema_version": 0,
          "attributes": {
            "condition": [],
            "etag": "BwZCSQkgseQ=",
            "id": "centering-vine-454613-b3/roles/run.invoker/serviceAccount:n8n-sa-dev@centering-vine-454613-b3.iam.gserviceaccount.com",
            "member": "serviceAccount:n8n-sa-dev@centering-vine-454613-b3.iam.gserviceaccount.com",
            "project": "centering-vine-454613-b3",
            "role": "roles/run.invoker"
          },
          "sensitive_attributes": [],
          "private": "bnVsbA==",
          "dependencies": [
            "google_project_service.required_apis",
            "google_service_account.n8n"
          ]
        },
        {
          "index_key": "roles/storage.objectAdmin",
          "schema_version": 0,
          "attributes": {
            "condition": [],
            "etag": "BwZCSQh8OA4=",
            "id": "centering-vine-454613-b3/roles/storage.objectAdmin/serviceAccount:n8n-sa-dev@centering-vine-454613-b3.iam.gserviceaccount.com",
            "member": "serviceAccount:n8n-sa-dev@centering-vine-454613-b3.iam.gserviceaccount.com",
            "project": "centering-vine-454613-b3",
            "role": "roles/storage.objectAdmin"
          },
          "sensitive_attributes": [],
          "private": "bnVsbA==",
          "dependencies": [
            "google_project_service.required_apis",
            "google_service_account.n8n"
          ]
        }
      ]
    },
    {
      "mode": "managed",
      "type": "google_project_iam_member",
      "name": "vertex_ai_roles",
      "provider": "provider[\"registry.terraform.io/hashicorp/google\"]",
      "instances": [
        {
          "index_key": "roles/aiplatform.user",
          "schema_version": 0,
          "attributes": {
            "condition": [],
            "etag": "BwZCSQh8OA4=",
            "id": "centering-vine-454613-b3/roles/aiplatform.user/serviceAccount:vertex-ai-sa-dev@centering-vine-454613-b3.iam.gserviceaccount.com",
            "member": "serviceAccount:vertex-ai-sa-dev@centering-vine-454613-b3.iam.gserviceaccount.com",
            "project": "centering-vine-454613-b3",
            "role": "roles/aiplatform.user"
          },
          "sensitive_attributes": [],
          "private": "bnVsbA==",
          "dependencies": [
            "google_project_service.required_apis",
            "google_service_account.vertex_ai"
          ]
        },
        {
          "index_key": "roles/logging.logWriter",
          "schema_version": 0,
          "attributes": {
            "condition": [],
            "etag": "BwZCSQh8OA4=",
            "id": "centering-vine-454613-b3/roles/logging.logWriter/serviceAccount:vertex-ai-sa-dev@centering-vine-454613-b3.iam.gserviceaccount.com",
            "member": "serviceAccount:vertex-ai-sa-dev@centering-vine-454613-b3.iam.gserviceaccount.com",
            "project": "centering-vine-454613-b3",
            "role": "roles/logging.logWriter"
          },
          "sensitive_attributes": [],
          "private": "bnVsbA==",
          "dependencies": [
            "google_project_service.required_apis",
            "google_service_account.vertex_ai"
          ]
        },
        {
          "index_key": "roles/monitoring.metricWriter",
          "schema_version": 0,
          "attributes": {
            "condition": [],
            "etag": "BwZCSQh8OA4=",
            "id": "centering-vine-454613-b3/roles/monitoring.metricWriter/serviceAccount:vertex-ai-sa-dev@centering-vine-454613-b3.iam.gserviceaccount.com",
            "member": "serviceAccount:vertex-ai-sa-dev@centering-vine-454613-b3.iam.gserviceaccount.com",
            "project": "centering-vine-454613-b3",
            "role": "roles/monitoring.metricWriter"
          },
          "sensitive_attributes": [],
          "private": "bnVsbA==",
          "dependencies": [
            "google_project_service.required_apis",
            "google_service_account.vertex_ai"
          ]
        },
        {
          "index_key": "roles/storage.objectAdmin",
          "schema_version": 0,
          "attributes": {
            "condition": [],
            "etag": "BwZCSQkgseQ=",
            "id": "centering-vine-454613-b3/roles/storage.objectAdmin/serviceAccount:vertex-ai-sa-dev@centering-vine-454613-b3.iam.gserviceaccount.com",
            "member": "serviceAccount:vertex-ai-sa-dev@centering-vine-454613-b3.iam.gserviceaccount.com",
            "project": "centering-vine-454613-b3",
            "role": "roles/storage.objectAdmin"
          },
          "sensitive_attributes": [],
          "private": "bnVsbA==",
          "dependencies": [
            "google_project_service.required_apis",
            "google_service_account.vertex_ai"
          ]
        }
      ]
    },
    {
      "mode": "managed",
      "type": "google_project_service",
      "name": "required_apis",
      "provider": "provider[\"registry.terraform.io/hashicorp/google\"]",
      "instances": [
        {
          "index_key": "aiplatform.googleapis.com",
          "schema_version": 0,
          "attributes": {
            "disable_dependent_services": null,
            "disable_on_destroy": false,
            "id": "centering-vine-454613-b3/aiplatform.googleapis.com",
            "project": "centering-vine-454613-b3",
            "service": "aiplatform.googleapis.com",
            "timeouts": {
              "create": "30m",
              "delete": null,
              "read": null,
              "update": "30m"
            }
          },
          "sensitive_attributes": [],
          "private": "eyJlMmJmYjczMC1lY2FhLTExZTYtOGY4OC0zNDM2M2JjN2M0YzAiOnsiY3JlYXRlIjoxODAwMDAwMDAwMDAwLCJkZWxldGUiOjEyMDAwMDAwMDAwMDAsInJlYWQiOjYwMDAwMDAwMDAwMCwidXBkYXRlIjoxODAwMDAwMDAwMDAwfX0="
        },
        {
          "index_key": "cloudbuild.googleapis.com",
          "schema_version": 0,
          "attributes": {
            "disable_dependent_services": null,
            "disable_on_destroy": false,
            "id": "centering-vine-454613-b3/cloudbuild.googleapis.com",
            "project": "centering-vine-454613-b3",
            "service": "cloudbuild.googleapis.com",
            "timeouts": {
              "create": "30m",
              "delete": null,
              "read": null,
              "update": "30m"
            }
          },
          "sensitive_attributes": [],
          "private": "eyJlMmJmYjczMC1lY2FhLTExZTYtOGY4OC0zNDM2M2JjN2M0YzAiOnsiY3JlYXRlIjoxODAwMDAwMDAwMDAwLCJkZWxldGUiOjEyMDAwMDAwMDAwMDAsInJlYWQiOjYwMDAwMDAwMDAwMCwidXBkYXRlIjoxODAwMDAwMDAwMDAwfX0="
        },
        {
          "index_key": "compute.googleapis.com",
          "schema_version": 0,
          "attributes": {
            "disable_dependent_services": null,
            "disable_on_destroy": false,
            "id": "centering-vine-454613-b3/compute.googleapis.com",
            "project": "centering-vine-454613-b3",
            "service": "compute.googleapis.com",
            "timeouts": {
              "create": "30m",
              "delete": null,
              "read": null,
              "update": "30m"
            }
          },
          "sensitive_attributes": [],
          "private": "eyJlMmJmYjczMC1lY2FhLTExZTYtOGY4OC0zNDM2M2JjN2M0YzAiOnsiY3JlYXRlIjoxODAwMDAwMDAwMDAwLCJkZWxldGUiOjEyMDAwMDAwMDAwMDAsInJlYWQiOjYwMDAwMDAwMDAwMCwidXBkYXRlIjoxODAwMDAwMDAwMDAwfX0="
        },
        {
          "index_key": "iam.googleapis.com",
          "schema_version": 0,
          "attributes": {
            "disable_dependent_services": null,
            "disable_on_destroy": false,
            "id": "centering-vine-454613-b3/iam.googleapis.com",
            "project": "centering-vine-454613-b3",
            "service": "iam.googleapis.com",
            "timeouts": {
              "create": "30m",
              "delete": null,
              "read": null,
              "update": "30m"
            }
          },
          "sensitive_attributes": [],
          "private": "eyJlMmJmYjczMC1lY2FhLTExZTYtOGY4OC0zNDM2M2JjN2M0YzAiOnsiY3JlYXRlIjoxODAwMDAwMDAwMDAwLCJkZWxldGUiOjEyMDAwMDAwMDAwMDAsInJlYWQiOjYwMDAwMDAwMDAwMCwidXBkYXRlIjoxODAwMDAwMDAwMDAwfX0="
        },
        {
          "index_key": "logging.googleapis.com",
          "schema_version": 0,
          "attributes": {
            "disable_dependent_services": null,
            "disable_on_destroy": false,
            "id": "centering-vine-454613-b3/logging.googleapis.com",
            "project": "centering-vine-454613-b3",
            "service": "logging.googleapis.com",
            "timeouts": {
              "create": "30m",
              "delete": null,
              "read": null,
              "update": "30m"
            }
          },
          "sensitive_attributes": [],
          "private": "eyJlMmJmYjczMC1lY2FhLTExZTYtOGY4OC0zNDM2M2JjN2M0YzAiOnsiY3JlYXRlIjoxODAwMDAwMDAwMDAwLCJkZWxldGUiOjEyMDAwMDAwMDAwMDAsInJlYWQiOjYwMDAwMDAwMDAwMCwidXBkYXRlIjoxODAwMDAwMDAwMDAwfX0="
        },
        {
          "index_key": "run.googleapis.com",
          "schema_version": 0,
          "attributes": {
            "disable_dependent_services": null,
            "disable_on_destroy": false,
            "id": "centering-vine-454613-b3/run.googleapis.com",
            "project": "centering-vine-454613-b3",
            "service": "run.googleapis.com",
            "timeouts": {
              "create": "30m",
              "delete": null,
              "read": null,
              "update": "30m"
            }
          },
          "sensitive_attributes": [],
          "private": "eyJlMmJmYjczMC1lY2FhLTExZTYtOGY4OC0zNDM2M2JjN2M0YzAiOnsiY3JlYXRlIjoxODAwMDAwMDAwMDAwLCJkZWxldGUiOjEyMDAwMDAwMDAwMDAsInJlYWQiOjYwMDAwMDAwMDAwMCwidXBkYXRlIjoxODAwMDAwMDAwMDAwfX0="
        },
        {
          "index_key": "secretmanager.googleapis.com",
          "schema_version": 0,
          "attributes": {
            "disable_dependent_services": null,
            "disable_on_destroy": false,
            "id": "centering-vine-454613-b3/secretmanager.googleapis.com",
            "project": "centering-vine-454613-b3",
            "service": "secretmanager.googleapis.com",
            "timeouts": {
              "create": "30m",
              "delete": null,
              "read": null,
              "update": "30m"
            }
          },
          "sensitive_attributes": [],
          "private": "eyJlMmJmYjczMC1lY2FhLTExZTYtOGY4OC0zNDM2M2JjN2M0YzAiOnsiY3JlYXRlIjoxODAwMDAwMDAwMDAwLCJkZWxldGUiOjEyMDAwMDAwMDAwMDAsInJlYWQiOjYwMDAwMDAwMDAwMCwidXBkYXRlIjoxODAwMDAwMDAwMDAwfX0="
        },
        {
          "index_key": "storage.googleapis.com",
          "schema_version": 0,
          "attributes": {
            "disable_dependent_services": null,
            "disable_on_destroy": false,
            "id": "centering-vine-454613-b3/storage.googleapis.com",
            "project": "centering-vine-454613-b3",
            "service": "storage.googleapis.com",
            "timeouts": {
              "create": "30m",
              "delete": null,
              "read": null,
              "update": "30m"
            }
          },
          "sensitive_attributes": [],
          "private": "eyJlMmJmYjczMC1lY2FhLTExZTYtOGY4OC0zNDM2M2JjN2M0YzAiOnsiY3JlYXRlIjoxODAwMDAwMDAwMDAwLCJkZWxldGUiOjEyMDAwMDAwMDAwMDAsInJlYWQiOjYwMDAwMDAwMDAwMCwidXBkYXRlIjoxODAwMDAwMDAwMDAwfX0="
        }
      ]
    },
    {
      "mode": "managed",
      "type": "google_service_account",
      "name": "cloud_run",
      "provider": "provider[\"registry.terraform.io/hashicorp/google\"]",
      "instances": [
        {
          "schema_version": 0,
          "attributes": {
            "account_id": "cloud-run-sa-dev",
            "create_ignore_already_exists": null,
            "description": "Service account for Cloud Run ML prediction services",
            "disabled": false,
            "display_name": "Cloud Run Service Account (dev)",
            "email": "cloud-run-sa-dev@centering-vine-454613-b3.iam.gserviceaccount.com",
            "id": "projects/centering-vine-454613-b3/serviceAccounts/cloud-run-sa-dev@centering-vine-454613-b3.iam.gserviceaccount.com",
            "member": "serviceAccount:cloud-run-sa-dev@centering-vine-454613-b3.iam.gserviceaccount.com",
            "name": "projects/centering-vine-454613-b3/serviceAccounts/cloud-run-sa-dev@centering-vine-454613-b3.iam.gserviceaccount.com",
            "project": "centering-vine-454613-b3",
            "timeouts": null,
            "unique_id": "104588438631771506467"
          },
          "sensitive_attributes": [],
          "private": "eyJlMmJmYjczMC1lY2FhLTExZTYtOGY4OC0zNDM2M2JjN2M0YzAiOnsiY3JlYXRlIjozMDAwMDAwMDAwMDB9fQ=="
        }
      ]
    },
    {
      "mode": "managed",
      "type": "google_service_account",
      "name": "n8n",
      "provider": "provider[\"registry.terraform.io/hashicorp/google\"]",
      "instances": [
        {
          "schema_version": 0,
          "attributes": {
            "account_id": "n8n-sa-dev",
            "create_ignore_already_exists": null,
            "description": "Service account for n8n to orchestrate ML workflows",
            "disabled": false,
            "display_name": "n8n Workflow Service Account (dev)",
            "email": "n8n-sa-dev@centering-vine-454613-b3.iam.gserviceaccount.com",
            "id": "projects/centering-vine-454613-b3/serviceAccounts/n8n-sa-dev@centering-vine-454613-b3.iam.gserviceaccount.com",
            "member": "serviceAccount:n8n-sa-dev@centering-vine-454613-b3.iam.gserviceaccount.com",
            "name": "projects/centering-vine-454613-b3/serviceAccounts/n8n-sa-dev@centering-vine-454613-b3.iam.gserviceaccount.com",
            "project": "centering-vine-454613-b3",
            "timeouts": null,
            "unique_id": "114810617938632014772"
          },
          "sensitive_attributes": [],
          "private": "eyJlMmJmYjczMC1lY2FhLTExZTYtOGY4OC0zNDM2M2JjN2M0YzAiOnsiY3JlYXRlIjozMDAwMDAwMDAwMDB9fQ=="
        }
      ]
    },
    {
      "mode": "managed",
      "type": "google_service_account",
      "name": "vertex_ai",
      "provider": "provider[\"registry.terraform.io/hashicorp/google\"]",
      "instances": [
        {
          "schema_version": 0,
          "attributes": {
            "account_id": "vertex-ai-sa-dev",
            "create_ignore_already_exists": null,
            "description": "Service account for Vertex AI training jobs, model deployment, and predictions",
            "disabled": false,
            "display_name": "Vertex AI Service Account (dev)",
            "email": "vertex-ai-sa-dev@centering-vine-454613-b3.iam.gserviceaccount.com",
            "id": "projects/centering-vine-454613-b3/serviceAccounts/vertex-ai-sa-dev@centering-vine-454613-b3.iam.gserviceaccount.com",
            "member": "serviceAccount:vertex-ai-sa-dev@centering-vine-454613-b3.iam.gserviceaccount.com",
            "name": "projects/centering-vine-454613-b3/serviceAccounts/vertex-ai-sa-dev@centering-vine-454613-b3.iam.gserviceaccount.com",
            "project": "centering-vine-454613-b3",
            "timeouts": null,
            "unique_id": "114226111153211781408"
          },
          "sensitive_attributes": [],
          "private": "eyJlMmJmYjczMC1lY2FhLTExZTYtOGY4OC0zNDM2M2JjN2M0YzAiOnsiY3JlYXRlIjozMDAwMDAwMDAwMDB9fQ=="
        }
      ]
    },
    {
      "mode": "managed",
      "type": "google_service_account_iam_member",
      "name": "n8n_impersonate_cloud_run",
      "provider": "provider[\"registry.terraform.io/hashicorp/google\"]",
      "instances": [
        {
          "schema_version": 0,
          "attributes": {
            "condition": [],
            "etag": "BwZCSQekjhg=",
            "id": "projects/centering-vine-454613-b3/serviceAccounts/cloud-run-sa-dev@centering-vine-454613-b3.iam.gserviceaccount.com/roles/iam.serviceAccountUser/serviceAccount:n8n-sa-dev@centering-vine-454613-b3.iam.gserviceaccount.com",
            "member": "serviceAccount:n8n-sa-dev@centering-vine-454613-b3.iam.gserviceaccount.com",
            "role": "roles/iam.serviceAccountUser",
            "service_account_id": "projects/centering-vine-454613-b3/serviceAccounts/cloud-run-sa-dev@centering-vine-454613-b3.iam.gserviceaccount.com"
          },
          "sensitive_attributes": [],
          "private": "bnVsbA==",
          "dependencies": [
            "google_service_account.cloud_run",
            "google_service_account.n8n"
          ]
        }
      ]
    },
    {
      "mode": "managed",
      "type": "google_service_account_iam_member",
      "name": "n8n_impersonate_vertex_ai",
      "provider": "provider[\"registry.terraform.io/hashicorp/google\"]",
      "instances": [
        {
          "schema_version": 0,
          "attributes": {
            "condition": [],
            "etag": "BwZCSQel2Rc=",
            "id": "projects/centering-vine-454613-b3/serviceAccounts/vertex-ai-sa-dev@centering-vine-454613-b3.iam.gserviceaccount.com/roles/iam.serviceAccountUser/serviceAccount:n8n-sa-dev@centering-vine-454613-b3.iam.gserviceaccount.com",
            "member": "serviceAccount:n8n-sa-dev@centering-vine-454613-b3.iam.gserviceaccount.com",
            "role": "roles/iam.serviceAccountUser",
            "service_account_id": "projects/centering-vine-454613-b3/serviceAccounts/vertex-ai-sa-dev@centering-vine-454613-b3.iam.gserviceaccount.com"
          },
          "sensitive_attributes": [],
          "private": "bnVsbA==",
          "dependencies": [
            "google_service_account.n8n",
            "google_service_account.vertex_ai"
          ]
        }
      ]
    },
    {
      "mode": "managed",
      "type": "google_service_account_key",
      "name": "cloud_run_key",
      "provider": "provider[\"registry.terraform.io/hashicorp/google\"]",
      "instances": [
        {
          "index_key": 0,
          "schema_version": 0,
          "attributes": {
            "id": "projects/centering-vine-454613-b3/serviceAccounts/cloud-run-sa-dev@centering-vine-454613-b3.iam.gserviceaccount.com/keys/e7374dbbe1e2a244a5b438e622ac0cd22be32fb7",
            "keepers": null,
            "key_algorithm": "KEY_ALG_RSA_2048",
            "name": "projects/centering-vine-454613-b3/serviceAccounts/cloud-run-sa-dev@centering-vine-454613-b3.iam.gserviceaccount.com/keys/e7374dbbe1e2a244a5b438e622ac0cd22be32fb7",
            "private_key": "ewogICJ0eXBlIjogInNlcnZpY2VfYWNjb3VudCIsCiAgInByb2plY3RfaWQiOiAiY2VudGVyaW5nLXZpbmUtNDU0NjEzLWIzIiwKICAicHJpdmF0ZV9rZXlfaWQiOiAiZTczNzRkYmJlMWUyYTI0NGE1YjQzOGU2MjJhYzBjZDIyYmUzMmZiNyIsCiAgInByaXZhdGVfa2V5IjogIi0tLS0tQkVHSU4gUFJJVkFURSBLRVktLS0tLVxuTUlJRXZRSUJBREFOQmdrcWhraUc5dzBCQVFFRkFBU0NCS2N3Z2dTakFnRUFBb0lCQVFDd2pDYXd1SFF2eDFjK1xuOFRvWlZmMUkya2lIeG8vS1p4czZScmIzYnY3cVlWSGlCY3haQkZ0ZUdjdVVzOGZKUkZYNW9jZE4zaUcyVVkvRFxuSHlFK29SblpnTXgrb1laNjk1SXdXSFdHTFo4aml1ZHl2eUpTWDdVQ0RlRlRmcU5uT3BJdnRqeWtKUGltVGJwNVxuZWx5czNsdGFQZC9nWS9mSWZGUXlEY3B1UDNpamtTdjlMNjI0QXFqOVhtekFjb0ZkWEg0Um1jM1JwSTRkVXVzMVxuWE5TWHFuWGdmRnp2TnNudVVrOHovNUk0UlVSTnpMMUpPc3BMUTFueWlKRVpqK2tCcDZVRy81Y2c4cC9kazJ6WlxuNElNMUc1VG5BTllqMkFNN1dPRkEyd29GVFZva1FZT0Nyc3JaekZrV0VKUE9YSVdlZWtXRjBoTGRyVnRMeHJEMVxuNURrUDJHb3BBZ01CQUFFQ2dnRUFPUnBqeTBZbUFtd3lDb0JBd0FBaHFBWStibmdwZXhpRlpJQ0ozcGRPcVdXblxuOC9qWEl6VzNEY1UvSlU1UEFRankzQWJaTFpUN0IzcnpDblFQcnkreGFqbndLc2M0OVo0TThVa3pYaDUwZWkwTFxuOW4vZTdKRGJQWnBhdHNSZnV0eGxlend3K2hDaFFqMGk0dmJTY2ZHTHo3RHlzQ1AxZWFuSkc5VjlFOUxBeFBwOVxuVHVFcWFEWTVSUzNJdFRuQ093SmZ0Z3ZLMWJ4amYyb2JIdG1uQzZvV2svOStvUlBuTGJOSklCaHNhYVI4cUo3aVxuL0dmdXc3T2JGMVIvR05iUitTNk5rTFpISGl2czFDa1VGdG5iTzVNQlZYenhPK2lwcVVOY1hhVHNzcm9QM2tmVVxuSXJob285a0FscEs3cFZVY0I5T0RYbGp5SG4rZmpBeHYwVTVmSjdSWXR3S0JnUUQwRGtaNTMyV1l5Q2xBTzRBb1xueWtaNUxJelZ5MHJLc3FhRTlER0lNRWtHWWdOeHB0SWE1Nk1jQy9wK2R1dzU1K3ErMDNYQzZEODZkK3lMUktSeFxuUDRVbU9GWm1DRWF1RFFaOXNnbXhjMjFYUExIZnhoSjd0TXkyL2h2N043cmRkNXc1TSs3dWdJaFpNOUQ1V0dwTlxuNGhlYzgzNkRPYnV2UlFncUozNHVCTk91ZXdLQmdRQzVNQlFFaDhUcTB6SnZEbzZvWk1CeUU2MzBqdk1nQWJBT1xuN1ZQNWhiWEtLcFJOU1RJdVdnRFpDSytNYWl3Rk5hdllqeWdBeEZ1Q0FsS1E0WXdVcVUzb3B1cnd3ZC9lZzhYVVxuMittUHl4d2NqbmxSeEJzK2k3amlYM2xIaUV2R2tCQTFRY3BZWFAxWUxWT2VRSWh6TGR2L3JZbXp4T1NXQzFpQ1xuTlVMalJGRTZxd0tCZ0drQS8xZU9RMk1SczVYY1E4N0pBTHMvN0xSTGpEbGIxZ05jSVRlTU5zOFZPcEFhaTBsaVxuSWk1K0JOK0dnU3FFMnQ0Umt4Z3gzb3BrY0pTWEN2MWlyQUgrdVVXYkIvWDR5ck1uOTcydWdQdkl0R3NvQ0duTFxuSjAwUVZhK25rYkdadGRCeXhMaysrZXNQUFRrYXpsb0dEY3pNZ3NFcEJOUnJLaEVnL3N3RDdhT2pBb0dBWTJjRlxuTjdGUTUrTlpqUGM1Wi9ZOHZuOEZ2dUlFYXNlOUl5WU5EMERRWmFZWldLclRmc0hjOXFLTTZFZ05QUGFrT1dnT1xuUnVzZlcxZTN6Z0RqV2l2T24vVUk0eGFOL2ppcE5pcWM0Z3hhR0pINVdRUjB3MHZvZjhwVHBTdnAwTGwvbWJhb1xuMEdtSnE0MFk5emNZaHdxMHJqY09WU3A0c0htQ2x0SFVCMzJpUkdVQ2dZRUFxem8zN0crclRvTzVHQ2l6bXJCRlxuV3ZNTEJrT0hqNjI2UzIyMTByZ3RpQ0Q5SHQ1bjd5Y29ucGZUdWxzeWNwQWJuUmpnYmJxSkZjQzNpNVVhUlVaUVxuNy9ldUNRNTlvM04yR1dIR2lQeTVjRWRyQnhQcFBpVWhSUVViVGxLcjR6ZlRHNWhEKzdvTWdNb1pRRmswUTZYMFxueGc5ZmpISTlDcURnemlDaGs0MU9PZW89XG4tLS0tLUVORCBQUklWQVRFIEtFWS0tLS0tXG4iLAogICJjbGllbnRfZW1haWwiOiAiY2xvdWQtcnVuLXNhLWRldkBjZW50ZXJpbmctdmluZS00NTQ2MTMtYjMuaWFtLmdzZXJ2aWNlYWNjb3VudC5jb20iLAogICJjbGllbnRfaWQiOiAiMTA0NTg4NDM4NjMxNzcxNTA2NDY3IiwKICAiYXV0aF91cmkiOiAiaHR0cHM6Ly9hY2NvdW50cy5nb29nbGUuY29tL28vb2F1dGgyL2F1dGgiLAogICJ0b2tlbl91cmkiOiAiaHR0cHM6Ly9vYXV0aDIuZ29vZ2xlYXBpcy5jb20vdG9rZW4iLAogICJhdXRoX3Byb3ZpZGVyX3g1MDlfY2VydF91cmwiOiAiaHR0cHM6Ly93d3cuZ29vZ2xlYXBpcy5jb20vb2F1dGgyL3YxL2NlcnRzIiwKICAiY2xpZW50X3g1MDlfY2VydF91cmwiOiAiaHR0cHM6Ly93d3cuZ29vZ2xlYXBpcy5jb20vcm9ib3QvdjEvbWV0YWRhdGEveDUwOS9jbG91ZC1ydW4tc2EtZGV2JTQwY2VudGVyaW5nLXZpbmUtNDU0NjEzLWIzLmlhbS5nc2VydmljZWFjY291bnQuY29tIiwKICAidW5pdmVyc2VfZG9tYWluIjogImdvb2dsZWFwaXMuY29tIgp9Cg==",
            "private_key_type": "TYPE_GOOGLE_CREDENTIALS_FILE",
            "public_key": "LS0tLS1CRUdJTiBDRVJUSUZJQ0FURS0tLS0tCk1JSUMvVENDQWVXZ0F3SUJBZ0lKQU5VQVV6a0dYOEdITUEwR0NTcUdTSWIzRFFFQkJRVUFNQ0F4SGpBY0JnTlYKQkFNTUZURXdORFU0T0RRek9EWXpNVGMzTVRVd05qUTJOekFnRncweU5URXdNamt3T1RRNE1EWmFHQTg1T1RrNQpNVEl6TVRJek5UazFPVm93SURFZU1Cd0dBMVVFQXd3Vk1UQTBOVGc0TkRNNE5qTXhOemN4TlRBMk5EWTNNSUlCCklqQU5CZ2txaGtpRzl3MEJBUUVGQUFPQ0FROEFNSUlCQ2dLQ0FRRUFzSXdtc0xoMEw4ZFhQdkU2R1ZYOVNOcEkKaDhhUHltY2JPa2EyOTI3KzZtRlI0Z1hNV1FSYlhobkxsTFBIeVVSVithSEhUZDRodGxHUHd4OGhQcUVaMllETQpmcUdHZXZlU01GaDFoaTJmSTRybmNyOGlVbCsxQWczaFUzNmpaenFTTDdZOHBDVDRwazI2ZVhwY3JONWJXajNmCjRHUDN5SHhVTWczS2JqOTRvNUVyL1MrdHVBS28vVjVzd0hLQlhWeCtFWm5OMGFTT0hWTHJOVnpVbDZwMTRIeGMKN3piSjdsSlBNLytTT0VWRVRjeTlTVHJLUzBOWjhvaVJHWS9wQWFlbEJ2K1hJUEtmM1pOczJlQ0ROUnVVNXdEVwpJOWdETzFqaFFOc0tCVTFhSkVHRGdxN0syY3haRmhDVHpseUZubnBGaGRJUzNhMWJTOGF3OWVRNUQ5aHFLUUlECkFRQUJvemd3TmpBTUJnTlZIUk1CQWY4RUFqQUFNQTRHQTFVZER3RUIvd1FFQXdJSGdEQVdCZ05WSFNVQkFmOEUKRERBS0JnZ3JCZ0VGQlFjREFqQU5CZ2txaGtpRzl3MEJBUVVGQUFPQ0FRRUFHcGNIVUNJdXUrWE9wV2d1YmFtWAphZlVmVUluak9RZHZ1M2hEbWIvWlc2bFlmeE82RlRVZitQNGVKRlZUU2hPZEtkMk5LQUI1dnQ0L1hMNDJta3NFCjI2aGFINktxTHJCV0lrY1pzQ0NHSDVORFRrVVAyR25md3QwbUUzUzUwZ1k4VUoxZXZSNml3d0xabWxVZFJqVnQKaW1USDFJUFN6ZXMyT3NrMjVBdVE1eWI5N2VTZlo3Q28wNEM2OVR5bVFtdldTQ3VCdEN4LzZBOUtacnQwMEFOWQp5K24xSlk3KzJQelBjeDJZR0dSUUZ2b0hMYUZHWUFnaC81R3JnZTJDeWozUWdxQzNSNU1UZWorbE85UVVWMHNvClRXR3VlbU5TSUJjNjc5Tm9Ra2xHV0dqTmNMcVVKVWRYeVVKTldFRTY3QzRyZDFRd2EyNEVlV0UvZUZlL0ROM2wKa2c9PQotLS0tLUVORCBDRVJUSUZJQ0FURS0tLS0tCg==",
            "public_key_data": null,
            "public_key_type": "TYPE_X509_PEM_FILE",
            "service_account_id": "projects/centering-vine-454613-b3/serviceAccounts/cloud-run-sa-dev@centering-vine-454613-b3.iam.gserviceaccount.com",
            "valid_after": "2025-10-29T09:48:06Z",
            "valid_before": "9999-12-31T23:59:59Z"
          },
          "sensitive_attributes": [],
          "private": "bnVsbA==",
          "dependencies": [
            "google_service_account.cloud_run"
          ]
        }
      ]
    },
    {
      "mode": "managed",
      "type": "google_service_account_key",
      "name": "n8n_key",
      "provider": "provider[\"registry.terraform.io/hashicorp/google\"]",
      "instances": [
        {
          "index_key": 0,
          "schema_version": 0,
          "attributes": {
            "id": "projects/centering-vine-454613-b3/serviceAccounts/n8n-sa-dev@centering-vine-454613-b3.iam.gserviceaccount.com/keys/71093de1ad27becf0f78872a71d21f43ced1758c",
            "keepers": null,
            "key_algorithm": "KEY_ALG_RSA_2048",
            "name": "projects/centering-vine-454613-b3/serviceAccounts/n8n-sa-dev@centering-vine-454613-b3.iam.gserviceaccount.com/keys/71093de1ad27becf0f78872a71d21f43ced1758c",
            "private_key": "ewogICJ0eXBlIjogInNlcnZpY2VfYWNjb3VudCIsCiAgInByb2plY3RfaWQiOiAiY2VudGVyaW5nLXZpbmUtNDU0NjEzLWIzIiwKICAicHJpdmF0ZV9rZXlfaWQiOiAiNzEwOTNkZTFhZDI3YmVjZjBmNzg4NzJhNzFkMjFmNDNjZWQxNzU4YyIsCiAgInByaXZhdGVfa2V5IjogIi0tLS0tQkVHSU4gUFJJVkFURSBLRVktLS0tLVxuTUlJRXZnSUJBREFOQmdrcWhraUc5dzBCQVFFRkFBU0NCS2d3Z2dTa0FnRUFBb0lCQVFEZTBKSVhnbjlFRnl4VlxuTHZVTFFhUnd1WWFsRjRjRUM1YTV1TDdyb1FxbUNpcHd3V1M1SXdNenRhSXFhajhadUVNbFdWYU5RNGpUUHpJOVxuUEFiQTdMa0ZCUk5ERCtPeGt1cjV3R3BjL3gyMDgwVUFCY1owMktYbkY1VkdLNERwUjlrQUtJL1Z0cWQvbUF1NVxuNTZ6MkV4dUxyZFVmNFNFTkNORTVodStwQkh3dS9mdTBmUnZOOFh0SERuQUNOOWVMaklNblZqTXc0VlZoMDI0NFxuRFhYMzEvdlJvUHVUcVFLc1d5b3plelMrZmcyUXNuNUVIakxGZEQ2bU9KZU9uaXZROThPSlIybVR6YzlzRlJFelxuaGl2bm41UERFd0lPY1FsTlVLNjN0NXk5ZnZuRUFPckJpUWViT043Q0d0SkdwY2lJbk5nRlZYb0RYWlpOdk1xelxuTlNRaDZic1pBZ01CQUFFQ2dnRUFDVEc4R3VJL1ZDcE1vYkNRQmdpTnU0KzhURXNJbEQ4bmdoUnJORzFFYzQ0NVxuMVhDZ01tVGllSnR4ektSRHVhWk9od0phYUV2Z0g5b2N2WnJMZ0l5RUpLazM4KzE2UWlxWTJFNG1BQjVsaXhaUVxuR094NWF2cnNVRTZRZkt2R09hOXdUSlJmNkdhNEgxNFdleDVoN0dtUGI4SndQVXpjbGZMR01oblhxK0YyZjdpQlxubUVVUVZneUx2S3dlUitlUXBvTXlUSE9BY3lKVjBXR0lTbjhDeDRheExhUlZPWHJaWGF6WmJuZncrbDVyc2ZNYlxuVDByRlBiWHJDRkpzQklsVjlVbVcwMEpmSWxjQlRWcVh0MEM1bndUZ3gwRlNudG1BOG5qQ0Fka3pYWk9ZY3FPclxuMWZLRXdEcHNzYi9FejFiZWFjenlDeU5YbHFMNmlhUUkvOTg4UEtzd0FRS0JnUUR5ZVo3MUtreDNHWWdTeG8wblxuWXpWVVp6MnlGMnI0ZEFTMERGNkdoTjdQUmhCSlpRVE5qWkxuQjlZM2h2SW1IRUJlT3dSQTNQYUpGWjRJR3M0d1xuN1hBZTRRZGI4bGVVejkxVWhlRnlnZ1VrYjIxNVM5Si9PK1B6c0dYQmN0Z1djaENCSTlrNytDY0U3NkRoZnBKMVxueXFyU09LMWljc2piTHJ1Q3doS0xNMEFGR1FLQmdRRHJQamFhZHVGV090cStxNnJqVk5DbktkSk9MSHA0Ti8xMVxuYVQrdUxQRDNZRW1WMVNXQUF4YTZVaXNsdEEyMlltcGVxaVdaNDZYdkNMZ3dja09zbzJRcVhmdjhKVGdwK29zZ1xuNExnOGw2SDJ4dGQvRnBybDlOMU5janpTT1ozRU40UlRYKzdXaEFEeDhkeE9OQjNDY2FVTGdMdGx5alZqai9wdlxuclhYajhpZ21BUUtCZ1FEWjJrL3BNZ0hWbUFqYjVheDQwUGZmUjRyMDhYbFlsTlNNOS9nTm9GK1hsdm1YRjc0Q1xuK01vZDdMcVkxUlBIRGViL1FzTUZqQUd0Rk5FUnN4UENmZklZckZHeVdNQTdvYTdYL0JtY2loa1lyVXlNaUlVdFxuYjUvVkdJMjBDdnorM2FqYWZsejFOblhJUjR3aVRWaEZvTHR0ZVNLK3F5YXZWd045N2VRL1VPS2FNUUtCZ0VMU1xuVVVCZk5ITUNGTkRFZ3E1QWtXUnFoTXFmNThudVhaalVaTHBkR2JXckxEdmJaK09NL1ErLzkzR21TNTdiSmN2dVxuR1BBMXNoVE1MVVhWcjFPQ3Roa3l5VGsrZVUyelZZSHBVMndpeG1jSzVIdTlPQkxLRTNMRVdISisyMG01VzJVelxuZ3V4OFlxaFhRM1VUYU1DcTkyN2xDbFpIc2hLdCt6MXQwR2NIaWxBQkFvR0JBSk1Ud3BLZy9Qa3RhNDVsMkt1ZFxuNlZLSDZ0ZnhyUDF2TkFJZXhUWktBaWNoeFltUDVRNGJlZ2NZVmNiUmhNOHY0Vm9yUFlDTWFna3RCa2NnOHE3dlxucGFhcVpyZmppVmRmRDc0TGVIN2xaQmwyNEVvU0xhdFpsYk1pcGwzbVJRd1pMSlpVQkcxNTdJRDlmTmxyVW5zRVxuNHRmT011MCsxdkZSL3FYY1ptam9TT05pXG4tLS0tLUVORCBQUklWQVRFIEtFWS0tLS0tXG4iLAogICJjbGllbnRfZW1haWwiOiAibjhuLXNhLWRldkBjZW50ZXJpbmctdmluZS00NTQ2MTMtYjMuaWFtLmdzZXJ2aWNlYWNjb3VudC5jb20iLAogICJjbGllbnRfaWQiOiAiMTE0ODEwNjE3OTM4NjMyMDE0NzcyIiwKICAiYXV0aF91cmkiOiAiaHR0cHM6Ly9hY2NvdW50cy5nb29nbGUuY29tL28vb2F1dGgyL2F1dGgiLAogICJ0b2tlbl91cmkiOiAiaHR0cHM6Ly9vYXV0aDIuZ29vZ2xlYXBpcy5jb20vdG9rZW4iLAogICJhdXRoX3Byb3ZpZGVyX3g1MDlfY2VydF91cmwiOiAiaHR0cHM6Ly93d3cuZ29vZ2xlYXBpcy5jb20vb2F1dGgyL3YxL2NlcnRzIiwKICAiY2xpZW50X3g1MDlfY2VydF91cmwiOiAiaHR0cHM6Ly93d3cuZ29vZ2xlYXBpcy5jb20vcm9ib3QvdjEvbWV0YWRhdGEveDUwOS9uOG4tc2EtZGV2JTQwY2VudGVyaW5nLXZpbmUtNDU0NjEzLWIzLmlhbS5nc2VydmljZWFjY291bnQuY29tIiwKICAidW5pdmVyc2VfZG9tYWluIjogImdvb2dsZWFwaXMuY29tIgp9Cg==",
            "private_key_type": "TYPE_GOOGLE_CREDENTIALS_FILE",
            "public_key": "LS0tLS1CRUdJTiBDRVJUSUZJQ0FURS0tLS0tCk1JSUMvRENDQWVTZ0F3SUJBZ0lJTEl2b0RGWTZpWVF3RFFZSktvWklodmNOQVFFRkJRQXdJREVlTUJ3R0ExVUUKQXd3Vk1URTBPREV3TmpFM09UTTROak15TURFME56Y3lNQ0FYRFRJMU1UQXlPVEE1TkRnd04xb1lEems1T1RreApNak14TWpNMU9UVTVXakFnTVI0d0hBWURWUVFEREJVeE1UUTRNVEEyTVRjNU16ZzJNekl3TVRRM056SXdnZ0VpCk1BMEdDU3FHU0liM0RRRUJBUVVBQTRJQkR3QXdnZ0VLQW9JQkFRRGUwSklYZ245RUZ5eFZMdlVMUWFSd3VZYWwKRjRjRUM1YTV1TDdyb1FxbUNpcHd3V1M1SXdNenRhSXFhajhadUVNbFdWYU5RNGpUUHpJOVBBYkE3TGtGQlJORApEK094a3VyNXdHcGMveDIwODBVQUJjWjAyS1huRjVWR0s0RHBSOWtBS0kvVnRxZC9tQXU1NTZ6MkV4dUxyZFVmCjRTRU5DTkU1aHUrcEJId3UvZnUwZlJ2TjhYdEhEbkFDTjllTGpJTW5Wak13NFZWaDAyNDREWFgzMS92Um9QdVQKcVFLc1d5b3plelMrZmcyUXNuNUVIakxGZEQ2bU9KZU9uaXZROThPSlIybVR6YzlzRlJFemhpdm5uNVBERXdJTwpjUWxOVUs2M3Q1eTlmdm5FQU9yQmlRZWJPTjdDR3RKR3BjaUluTmdGVlhvRFhaWk52TXF6TlNRaDZic1pBZ01CCkFBR2pPREEyTUF3R0ExVWRFd0VCL3dRQ01BQXdEZ1lEVlIwUEFRSC9CQVFEQWdlQU1CWUdBMVVkSlFFQi93UU0KTUFvR0NDc0dBUVVGQndNQ01BMEdDU3FHU0liM0RRRUJCUVVBQTRJQkFRQSs3YUpPYVh6NjUzVlkrZEdKaEhCdApvQ0lDOVVKSjcrTDk5V1BXazlLY1NnNFF1UlE2QW1YS3RqcmZqbkVjaE5oVUg0NlJ6Z2tpaWFiTGV4Y1d0ZGRHCkhsOWgvMnFlUkM1Um5RNWJ3Z2FiTExNNGRqZ3R1TmVZS0RjTGVCbzFrOWVYd1pYL2Z6L2Zsa1FReGc3dVg0bloKaUVXMC9aMzFaZklWL3d2MXpBODMrTm5pL3FZdHhSdEhjRjhGb0UwWFoybHhuS2xCeDR5Z0pWQ1lTZ3MxeGtWbQovVWQ3b1ZpVlN2WWtVdE1ZT0tjZ0Y2blVSVGV3d1NrVFVLb0JycWFWb2ZWdTc1RjBHZHJvVzhqTURBNVBXeGo5CkdtYmhFYml4NlV4bXBZazhOWFJueTRNdTVycThyN3VSMkZ4VzVjNFZGNVZ5cVpVaFlOZWpxRW5lZVlPTnJTRHYKLS0tLS1FTkQgQ0VSVElGSUNBVEUtLS0tLQo=",
            "public_key_data": null,
            "public_key_type": "TYPE_X509_PEM_FILE",
            "service_account_id": "projects/centering-vine-454613-b3/serviceAccounts/n8n-sa-dev@centering-vine-454613-b3.iam.gserviceaccount.com",
            "valid_after": "2025-10-29T09:48:07Z",
            "valid_before": "9999-12-31T23:59:59Z"
          },
          "sensitive_attributes": [],
          "private": "bnVsbA==",
          "dependencies": [
            "google_service_account.n8n"
          ]
        }
      ]
    },
    {
      "mode": "managed",
      "type": "google_service_account_key",
      "name": "vertex_ai_key",
      "provider": "provider[\"registry.terraform.io/hashicorp/google\"]",
      "instances": [
        {
          "index_key": 0,
          "schema_version": 0,
          "attributes": {
            "id": "projects/centering-vine-454613-b3/serviceAccounts/vertex-ai-sa-dev@centering-vine-454613-b3.iam.gserviceaccount.com/keys/dc36af0e3c8d507c5c0e344bbe00c9efa376ad9f",
            "keepers": null,
            "key_algorithm": "KEY_ALG_RSA_2048",
            "name": "projects/centering-vine-454613-b3/serviceAccounts/vertex-ai-sa-dev@centering-vine-454613-b3.iam.gserviceaccount.com/keys/dc36af0e3c8d507c5c0e344bbe00c9efa376ad9f",
            "private_key": "ewogICJ0eXBlIjogInNlcnZpY2VfYWNjb3VudCIsCiAgInByb2plY3RfaWQiOiAiY2VudGVyaW5nLXZpbmUtNDU0NjEzLWIzIiwKICAicHJpdmF0ZV9rZXlfaWQiOiAiZGMzNmFmMGUzYzhkNTA3YzVjMGUzNDRiYmUwMGM5ZWZhMzc2YWQ5ZiIsCiAgInByaXZhdGVfa2V5IjogIi0tLS0tQkVHSU4gUFJJVkFURSBLRVktLS0tLVxuTUlJRXZ3SUJBREFOQmdrcWhraUc5dzBCQVFFRkFBU0NCS2t3Z2dTbEFnRUFBb0lCQVFEQmlCMjRWMzFBQnhxeFxuZk1zNXpEZTBrVmhSMmwrVFlXcGdLWlVOTVFjVU12OWlQK0pjTGQ1VzloeklpUFlGVk1DQ2dJeFV6TzN3U3JYRFxuM0VKQXgyRWEvVHVwMUpoUC9udVVSNnNtZ1JHZEc1bW13RXV6dHhPWC94V1UyTlZ6TU02alVqMU50enFZS2o0SFxuSU16cGRoVmF3c2pNUlRJOFZJTURxdytqMGh3am04SURWVG9CWmwyZE1ZaHR0eDdwMUh3dlZiWkpuL3ZhZFgxdFxuS3FhZ1VZUklnaW5UYkdFS1pnM253OUlxNmYrSU82L3pDaXRxNHJpY3J4MVRSSFV1eTdhYmlCRWlWcUhtN2F2bFxuRUZqYjY2dEdTcmdPMGFFOXMrSHZKdE1GWEUrZ0lSU0ZxM3M0U3FmVm5pQ1NYWXE5QWVmV0lXbHY4TmhZUzlKOVxub2ljcEVFT1RBZ01CQUFFQ2dnRUFPSVlOMEJwVmJZN2xuL01IMUJDdU1HSEcvdGtkMHdpL3JlaFhMU3dsbWlPdVxuN1Q0bFdiRFg0R1F2VWU2V2xFWUZsOWY5cElMWjk3V0tVdk1Rc3FUSTJyNGRYK1BFdkpCaC9aUFZEQURrYVJOM1xuay9sVDR1QlVxNjhIMlpwZTlTN0xHMjVZazBzeHBPR3BqaUZwVjhKeVNEamR0ck43RVozSlNoZjdFR2k4YVRXQlxuV3IwK0ZIdDlzUlBmVUV3MDJ2ajVQRHhEYnQxQUxhbkpUSkF2R21hNTh2NDhrU3JqNDlNQm9RQ3M2SGcvVUJENlxuSGNDcXg0QXBVMXFmdWJxUzFhQXYxS1hkVTdrRTBsNUhVUXdEYjlmSnNtNnRPaGRVMElaRHN1N3hZMmFxZnZ0RlxubzlzaUZwdVNBVStzNmlXWnZIMGlWZGlpbmtFUDZVRk5zYWttMXJnYWFRS0JnUUR2dnphZVgrZUdhVVRvRllnL1xucGwzcjVEdXpaaFJ5T25BVG9UbFBmbVJxUy82TWk3cUdRN3Iwc1h1MHh3MWxNVWRIWjBhcVdLUDBqc3BKT0p3Y1xuTkV2LytMS25uQjgwRGJ3SXJDUFU2eDk4UFRsSE9zYStxb3VOQm51ck9DYnJ2VEt4aERLN2dqU2FqaHJ1ZVlocFxuMU85emljdk8xRDFTR0d2Z3ZNYUhmQjJLRHdLQmdRRE9wdGQxVi9FY0JTSU5UYjU4RnZmOE9PUndFQWhjVUV2dlxuNlNqTy8rNC9QT2pXaEdpV3REbjFSbHFMeEcrNWZBbkQwUktwQzVKM0lZcWt4OW85YzRZWnJRcmJWVFU5NVZtVFxuN2xmNDlKZko4dEpLamNRS3ZYeVBsSER5RmRTOENzTnJkT2pRWVJpZi9DMjNlQjVVRUFLSEZ1clVZeUcyMGpwelxuSnNYc2VTbkNQUUtCZ1FDd3c0ckJ1blE1NWVPb09qZjZ0ZThKdlgxSENEeUsvQXNtYmZpVFk5MGxnbUpydlpvSVxuNUdjemdxaHk0VkEvQzlaQ0R5Tks5WS90QUZxbElkZjM4NWNWWTRoVmpBWjFtcXJJdWlLeEdhcGRMOGJMZmNxTFxuU2JNYWgyMG5FSCtoMEIxUVJPZ2kyQjF3MXRXRWZwYlZjT29iaGIxL0FYMDB5a3kvcG0rNTlRalNnUUtCZ1FDS1xueXFPS3ZEWERpKzhDNEdRL0UyNGFpRnRrcUYvMUlEamdPTWlmdm1SVk5LTnM4Q0VPbHAwV2p0bmhaVjFrUmxxSVxubWJMZXRsYjRqQjZCN1hnMkxaQ3pUZlVzdWwyMzVJSDFTTzdzMWRuY1dLbkVTTktTSkJHMG5RMytpWXNIZ0hNZlxuaUxXVXZxRzdVYk9pdFpvbysxZTNRejBVeUQrc2VpV25rVEw5VDZNc1FRS0JnUURreWVQZVc5WEVNaFJKaDZ5T1xuSnk2OE9oZmVzckdPTEJUV01mYXlPVlRNNHduWE9PUHMyc1dVVTY3ZExHQnVYZXR6MnAxWmlqSWFZMzJkTUtaSlxuYWs5OG5WcUFSY084aXFHMU9RZjlYR1ZIVHNibUh6V3VNUVZvRlFYOXY2M1JTYWM2SXptc2drTmRkemYrVXpmNlxubGQ5aGZYVUw5Z3BobkFOelh3U0RLTGFQUHc9PVxuLS0tLS1FTkQgUFJJVkFURSBLRVktLS0tLVxuIiwKICAiY2xpZW50X2VtYWlsIjogInZlcnRleC1haS1zYS1kZXZAY2VudGVyaW5nLXZpbmUtNDU0NjEzLWIzLmlhbS5nc2VydmljZWFjY291bnQuY29tIiwKICAiY2xpZW50X2lkIjogIjExNDIyNjExMTE1MzIxMTc4MTQwOCIsCiAgImF1dGhfdXJpIjogImh0dHBzOi8vYWNjb3VudHMuZ29vZ2xlLmNvbS9vL29hdXRoMi9hdXRoIiwKICAidG9rZW5fdXJpIjogImh0dHBzOi8vb2F1dGgyLmdvb2dsZWFwaXMuY29tL3Rva2VuIiwKICAiYXV0aF9wcm92aWRlcl94NTA5X2NlcnRfdXJsIjogImh0dHBzOi8vd3d3Lmdvb2dsZWFwaXMuY29tL29hdXRoMi92MS9jZXJ0cyIsCiAgImNsaWVudF94NTA5X2NlcnRfdXJsIjogImh0dHBzOi8vd3d3Lmdvb2dsZWFwaXMuY29tL3JvYm90L3YxL21ldGFkYXRhL3g1MDkvdmVydGV4LWFpLXNhLWRldiU0MGNlbnRlcmluZy12aW5lLTQ1NDYxMy1iMy5pYW0uZ3NlcnZpY2VhY2NvdW50LmNvbSIsCiAgInVuaXZlcnNlX2RvbWFpbiI6ICJnb29nbGVhcGlzLmNvbSIKfQo=",
            "private_key_type": "TYPE_GOOGLE_CREDENTIALS_FILE",
            "public_key": "LS0tLS1CRUdJTiBDRVJUSUZJQ0FURS0tLS0tCk1JSUMvVENDQWVXZ0F3SUJBZ0lKQU95NDFkUmEzajhnTUEwR0NTcUdTSWIzRFFFQkJRVUFNQ0F4SGpBY0JnTlYKQkFNTUZURXhOREl5TmpFeE1URTFNekl4TVRjNE1UUXdPREFnRncweU5URXdNamt3T1RRNE1EUmFHQTg1T1RrNQpNVEl6TVRJek5UazFPVm93SURFZU1Cd0dBMVVFQXd3Vk1URTBNakkyTVRFeE1UVXpNakV4TnpneE5EQTRNSUlCCklqQU5CZ2txaGtpRzl3MEJBUUVGQUFPQ0FROEFNSUlCQ2dLQ0FRRUF3WWdkdUZkOVFBY2FzWHpMT2N3M3RKRlkKVWRwZmsyRnFZQ21WRFRFSEZETC9Zai9pWEMzZVZ2WWN5SWoyQlZUQWdvQ01WTXp0OEVxMXc5eENRTWRoR3YwNwpxZFNZVC81N2xFZXJKb0VSblJ1WnBzQkxzN2NUbC84VmxOalZjekRPbzFJOVRiYzZtQ28rQnlETTZYWVZXc0xJCnpFVXlQRlNEQTZzUG85SWNJNXZDQTFVNkFXWmRuVEdJYmJjZTZkUjhMMVcyU1ovNzJuVjliU3Ftb0ZHRVNJSXAKMDJ4aENtWU41OFBTS3VuL2lEdXY4d29yYXVLNG5LOGRVMFIxTHN1Mm00Z1JJbGFoNXUycjVSQlkyK3VyUmtxNApEdEdoUGJQaDd5YlRCVnhQb0NFVWhhdDdPRXFuMVo0Z2tsMkt2UUhuMWlGcGIvRFlXRXZTZmFJbktSQkRrd0lECkFRQUJvemd3TmpBTUJnTlZIUk1CQWY4RUFqQUFNQTRHQTFVZER3RUIvd1FFQXdJSGdEQVdCZ05WSFNVQkFmOEUKRERBS0JnZ3JCZ0VGQlFjREFqQU5CZ2txaGtpRzl3MEJBUVVGQUFPQ0FRRUFMZGZ2RWt2bnQ0b2pLNDZLWmtVRgpHMzVpMDNnelVvaWlldGN0ZjFhYlduTEJFZjByQm5GZDMxZEhrRmxjSE53ekxnT0wzNHpMYTZEb3FTckllQ0lGCitDdng1MVFPNjRtSXF2cHhCL3UwSjZhczB1RzQzWTk3bVo3eDh1MnZYRkIzeWgremUxOUsrQ1dzTU1YTUtvdEkKb0RqekpNWUlIc0JIYWlhM1RKNDFiL3FMdnEzUUtqSlZhYS9vTElxcHFvaG1xSXkwQU1SUFpNd3dSbjF0aUZuaApCZTcwTWdyeFFTbU5VY3IxaW1iWDVERXBnT01sb1JaKzZlVmlRSXc1cnZmSmUzaXg0YU1hTXF3dHJwaFU1WmtECk8zNytDNE9JVFkybkh4TVJaT29WcWdvRXZqS0kzYWFlS1VzYkk4eXdxQXgyUFdZZjlnWmJUMklhV2dnWHFXOGcKdlE9PQotLS0tLUVORCBDRVJUSUZJQ0FURS0tLS0tCg==",
            "public_key_data": null,
            "public_key_type": "TYPE_X509_PEM_FILE",
            "service_account_id": "projects/centering-vine-454613-b3/serviceAccounts/vertex-ai-sa-dev@centering-vine-454613-b3.iam.gserviceaccount.com",
            "valid_after": "2025-10-29T09:48:04Z",
            "valid_before": "9999-12-31T23:59:59Z"
          },
          "sensitive_attributes": [],
          "private": "bnVsbA==",
          "dependencies": [
            "google_service_account.vertex_ai"
          ]
        }
      ]
    },
    {
      "mode": "managed",
      "type": "google_storage_bucket",
      "name": "datasets",
      "provider": "provider[\"registry.terraform.io/hashicorp/google\"]",
      "instances": [
        {
          "schema_version": 2,
          "attributes": {
            "autoclass": [],
            "cors": [],
            "custom_placement_config": [],
            "default_event_based_hold": false,
            "effective_labels": {
              "bucket_type": "datasets",
              "component": "ml-workflow",
              "environment": "dev",
              "framework": "versatil",
              "managed_by": "terraform"
            },
            "enable_object_retention": false,
            "encryption": [],
            "force_destroy": true,
            "id": "centering-vine-454613-b3-ml-datasets-dev",
            "labels": {
              "bucket_type": "datasets",
              "component": "ml-workflow",
              "environment": "dev",
              "framework": "versatil",
              "managed_by": "terraform"
            },
            "lifecycle_rule": [
              {
                "action": [
                  {
                    "storage_class": "",
                    "type": "Delete"
                  }
                ],
                "condition": [
                  {
                    "age": 90,
                    "created_before": "",
                    "custom_time_before": "",
                    "days_since_custom_time": 0,
                    "days_since_noncurrent_time": 0,
                    "matches_prefix": [],
                    "matches_storage_class": [],
                    "matches_suffix": [],
                    "no_age": false,
                    "noncurrent_time_before": "",
                    "num_newer_versions": 0,
                    "send_age_if_zero": true,
                    "send_days_since_custom_time_if_zero": false,
                    "send_days_since_noncurrent_time_if_zero": false,
                    "send_num_newer_versions_if_zero": false,
                    "with_state": "ANY"
                  }
                ]
              },
              {
                "action": [
                  {
                    "storage_class": "",
                    "type": "Delete"
                  }
                ],
                "condition": [
                  {
                    "age": 0,
                    "created_before": "",
                    "custom_time_before": "",
                    "days_since_custom_time": 0,
                    "days_since_noncurrent_time": 0,
                    "matches_prefix": [],
                    "matches_storage_class": [],
                    "matches_suffix": [],
                    "no_age": false,
                    "noncurrent_time_before": "",
                    "num_newer_versions": 3,
                    "send_age_if_zero": true,
                    "send_days_since_custom_time_if_zero": false,
                    "send_days_since_noncurrent_time_if_zero": false,
                    "send_num_newer_versions_if_zero": false,
                    "with_state": "ANY"
                  }
                ]
              }
            ],
            "location": "US-CENTRAL1",
            "logging": [],
            "name": "centering-vine-454613-b3-ml-datasets-dev",
            "project": "centering-vine-454613-b3",
            "project_number": 1001767470772,
            "public_access_prevention": "inherited",
            "requester_pays": false,
            "retention_policy": [],
            "rpo": null,
            "self_link": "https://www.googleapis.com/storage/v1/b/centering-vine-454613-b3-ml-datasets-dev",
            "soft_delete_policy": [
              {
                "effective_time": "2025-10-29T09:48:29.739Z",
                "retention_duration_seconds": 604800
              }
            ],
            "storage_class": "STANDARD",
            "terraform_labels": {
              "bucket_type": "datasets",
              "component": "ml-workflow",
              "environment": "dev",
              "framework": "versatil",
              "managed_by": "terraform"
            },
            "timeouts": null,
            "uniform_bucket_level_access": true,
            "url": "gs://centering-vine-454613-b3-ml-datasets-dev",
            "versioning": [
              {
                "enabled": true
              }
            ],
            "website": []
          },
          "sensitive_attributes": [],
          "private": "eyJlMmJmYjczMC1lY2FhLTExZTYtOGY4OC0zNDM2M2JjN2M0YzAiOnsiY3JlYXRlIjo2MDAwMDAwMDAwMDAsInJlYWQiOjI0MDAwMDAwMDAwMCwidXBkYXRlIjoyNDAwMDAwMDAwMDB9LCJzY2hlbWFfdmVyc2lvbiI6IjIifQ==",
          "dependencies": [
            "google_project_service.required_apis"
          ]
        }
      ]
    },
    {
      "mode": "managed",
      "type": "google_storage_bucket",
      "name": "models",
      "provider": "provider[\"registry.terraform.io/hashicorp/google\"]",
      "instances": [
        {
          "schema_version": 2,
          "attributes": {
            "autoclass": [],
            "cors": [],
            "custom_placement_config": [],
            "default_event_based_hold": false,
            "effective_labels": {
              "bucket_type": "models",
              "component": "ml-workflow",
              "environment": "dev",
              "framework": "versatil",
              "managed_by": "terraform"
            },
            "enable_object_retention": false,
            "encryption": [],
            "force_destroy": true,
            "id": "centering-vine-454613-b3-ml-models-dev",
            "labels": {
              "bucket_type": "models",
              "component": "ml-workflow",
              "environment": "dev",
              "framework": "versatil",
              "managed_by": "terraform"
            },
            "lifecycle_rule": [
              {
                "action": [
                  {
                    "storage_class": "",
                    "type": "Delete"
                  }
                ],
                "condition": [
                  {
                    "age": 180,
                    "created_before": "",
                    "custom_time_before": "",
                    "days_since_custom_time": 0,
                    "days_since_noncurrent_time": 0,
                    "matches_prefix": [],
                    "matches_storage_class": [],
                    "matches_suffix": [],
                    "no_age": false,
                    "noncurrent_time_before": "",
                    "num_newer_versions": 0,
                    "send_age_if_zero": true,
                    "send_days_since_custom_time_if_zero": false,
                    "send_days_since_noncurrent_time_if_zero": false,
                    "send_num_newer_versions_if_zero": false,
                    "with_state": "ANY"
                  }
                ]
              }
            ],
            "location": "US-CENTRAL1",
            "logging": [],
            "name": "centering-vine-454613-b3-ml-models-dev",
            "project": "centering-vine-454613-b3",
            "project_number": 1001767470772,
            "public_access_prevention": "inherited",
            "requester_pays": false,
            "retention_policy": [],
            "rpo": null,
            "self_link": "https://www.googleapis.com/storage/v1/b/centering-vine-454613-b3-ml-models-dev",
            "soft_delete_policy": [
              {
                "effective_time": "2025-10-29T09:48:29.443Z",
                "retention_duration_seconds": 604800
              }
            ],
            "storage_class": "STANDARD",
            "terraform_labels": {
              "bucket_type": "models",
              "component": "ml-workflow",
              "environment": "dev",
              "framework": "versatil",
              "managed_by": "terraform"
            },
            "timeouts": null,
            "uniform_bucket_level_access": true,
            "url": "gs://centering-vine-454613-b3-ml-models-dev",
            "versioning": [
              {
                "enabled": true
              }
            ],
            "website": []
          },
          "sensitive_attributes": [],
          "private": "eyJlMmJmYjczMC1lY2FhLTExZTYtOGY4OC0zNDM2M2JjN2M0YzAiOnsiY3JlYXRlIjo2MDAwMDAwMDAwMDAsInJlYWQiOjI0MDAwMDAwMDAwMCwidXBkYXRlIjoyNDAwMDAwMDAwMDB9LCJzY2hlbWFfdmVyc2lvbiI6IjIifQ==",
          "dependencies": [
            "google_project_service.required_apis"
          ]
        }
      ]
    },
    {
      "mode": "managed",
      "type": "google_storage_bucket",
      "name": "n8n_workflows",
      "provider": "provider[\"registry.terraform.io/hashicorp/google\"]",
      "instances": [
        {
          "schema_version": 2,
          "attributes": {
            "autoclass": [],
            "cors": [],
            "custom_placement_config": [],
            "default_event_based_hold": false,
            "effective_labels": {
              "bucket_type": "workflows",
              "component": "ml-workflow",
              "environment": "dev",
              "framework": "versatil",
              "managed_by": "terraform"
            },
            "enable_object_retention": false,
            "encryption": [],
            "force_destroy": true,
            "id": "centering-vine-454613-b3-n8n-workflows-dev",
            "labels": {
              "bucket_type": "workflows",
              "component": "ml-workflow",
              "environment": "dev",
              "framework": "versatil",
              "managed_by": "terraform"
            },
            "lifecycle_rule": [],
            "location": "US-CENTRAL1",
            "logging": [],
            "name": "centering-vine-454613-b3-n8n-workflows-dev",
            "project": "centering-vine-454613-b3",
            "project_number": 1001767470772,
            "public_access_prevention": "inherited",
            "requester_pays": false,
            "retention_policy": [],
            "rpo": null,
            "self_link": "https://www.googleapis.com/storage/v1/b/centering-vine-454613-b3-n8n-workflows-dev",
            "soft_delete_policy": [
              {
                "effective_time": "2025-10-29T09:48:18.808Z",
                "retention_duration_seconds": 604800
              }
            ],
            "storage_class": "STANDARD",
            "terraform_labels": {
              "bucket_type": "workflows",
              "component": "ml-workflow",
              "environment": "dev",
              "framework": "versatil",
              "managed_by": "terraform"
            },
            "timeouts": null,
            "uniform_bucket_level_access": true,
            "url": "gs://centering-vine-454613-b3-n8n-workflows-dev",
            "versioning": [
              {
                "enabled": true
              }
            ],
            "website": []
          },
          "sensitive_attributes": [],
          "private": "eyJlMmJmYjczMC1lY2FhLTExZTYtOGY4OC0zNDM2M2JjN2M0YzAiOnsiY3JlYXRlIjo2MDAwMDAwMDAwMDAsInJlYWQiOjI0MDAwMDAwMDAwMCwidXBkYXRlIjoyNDAwMDAwMDAwMDB9LCJzY2hlbWFfdmVyc2lvbiI6IjIifQ==",
          "dependencies": [
            "google_project_service.required_apis"
          ]
        }
      ]
    },
    {
      "mode": "managed",
      "type": "google_storage_bucket",
      "name": "training_artifacts",
      "provider": "provider[\"registry.terraform.io/hashicorp/google\"]",
      "instances": [
        {
          "schema_version": 2,
          "attributes": {
            "autoclass": [],
            "cors": [],
            "custom_placement_config": [],
            "default_event_based_hold": false,
            "effective_labels": {
              "bucket_type": "training",
              "component": "ml-workflow",
              "environment": "dev",
              "framework": "versatil",
              "managed_by": "terraform"
            },
            "enable_object_retention": false,
            "encryption": [],
            "force_destroy": true,
            "id": "centering-vine-454613-b3-ml-training-dev",
            "labels": {
              "bucket_type": "training",
              "component": "ml-workflow",
              "environment": "dev",
              "framework": "versatil",
              "managed_by": "terraform"
            },
            "lifecycle_rule": [
              {
                "action": [
                  {
                    "storage_class": "",
                    "type": "Delete"
                  }
                ],
                "condition": [
                  {
                    "age": 45,
                    "created_before": "",
                    "custom_time_before": "",
                    "days_since_custom_time": 0,
                    "days_since_noncurrent_time": 0,
                    "matches_prefix": [],
                    "matches_storage_class": [],
                    "matches_suffix": [],
                    "no_age": false,
                    "noncurrent_time_before": "",
                    "num_newer_versions": 0,
                    "send_age_if_zero": true,
                    "send_days_since_custom_time_if_zero": false,
                    "send_days_since_noncurrent_time_if_zero": false,
                    "send_num_newer_versions_if_zero": false,
                    "with_state": "ANY"
                  }
                ]
              }
            ],
            "location": "US-CENTRAL1",
            "logging": [],
            "name": "centering-vine-454613-b3-ml-training-dev",
            "project": "centering-vine-454613-b3",
            "project_number": 1001767470772,
            "public_access_prevention": "inherited",
            "requester_pays": false,
            "retention_policy": [],
            "rpo": null,
            "self_link": "https://www.googleapis.com/storage/v1/b/centering-vine-454613-b3-ml-training-dev",
            "soft_delete_policy": [
              {
                "effective_time": "2025-10-29T09:48:28.100Z",
                "retention_duration_seconds": 604800
              }
            ],
            "storage_class": "STANDARD",
            "terraform_labels": {
              "bucket_type": "training",
              "component": "ml-workflow",
              "environment": "dev",
              "framework": "versatil",
              "managed_by": "terraform"
            },
            "timeouts": null,
            "uniform_bucket_level_access": true,
            "url": "gs://centering-vine-454613-b3-ml-training-dev",
            "versioning": [],
            "website": []
          },
          "sensitive_attributes": [],
          "private": "eyJlMmJmYjczMC1lY2FhLTExZTYtOGY4OC0zNDM2M2JjN2M0YzAiOnsiY3JlYXRlIjo2MDAwMDAwMDAwMDAsInJlYWQiOjI0MDAwMDAwMDAwMCwidXBkYXRlIjoyNDAwMDAwMDAwMDB9LCJzY2hlbWFfdmVyc2lvbiI6IjIifQ==",
          "dependencies": [
            "google_project_service.required_apis"
          ]
        }
      ]
    },
    {
      "mode": "managed",
      "type": "google_storage_bucket_iam_member",
      "name": "datasets_vertex_ai",
      "provider": "provider[\"registry.terraform.io/hashicorp/google\"]",
      "instances": [
        {
          "schema_version": 0,
          "attributes": {
            "bucket": "b/centering-vine-454613-b3-ml-datasets-dev",
            "condition": [],
            "etag": "CAI=",
            "id": "b/centering-vine-454613-b3-ml-datasets-dev/roles/storage.objectAdmin/serviceAccount:vertex-ai-sa-dev@centering-vine-454613-b3.iam.gserviceaccount.com",
            "member": "serviceAccount:vertex-ai-sa-dev@centering-vine-454613-b3.iam.gserviceaccount.com",
            "role": "roles/storage.objectAdmin"
          },
          "sensitive_attributes": [],
          "private": "bnVsbA==",
          "dependencies": [
            "google_project_service.required_apis",
            "google_service_account.vertex_ai",
            "google_storage_bucket.datasets"
          ]
        }
      ]
    },
    {
      "mode": "managed",
      "type": "google_storage_bucket_iam_member",
      "name": "models_vertex_ai",
      "provider": "provider[\"registry.terraform.io/hashicorp/google\"]",
      "instances": [
        {
          "schema_version": 0,
          "attributes": {
            "bucket": "b/centering-vine-454613-b3-ml-models-dev",
            "condition": [],
            "etag": "CAI=",
            "id": "b/centering-vine-454613-b3-ml-models-dev/roles/storage.objectAdmin/serviceAccount:vertex-ai-sa-dev@centering-vine-454613-b3.iam.gserviceaccount.com",
            "member": "serviceAccount:vertex-ai-sa-dev@centering-vine-454613-b3.iam.gserviceaccount.com",
            "role": "roles/storage.objectAdmin"
          },
          "sensitive_attributes": [],
          "private": "bnVsbA==",
          "dependencies": [
            "google_project_service.required_apis",
            "google_service_account.vertex_ai",
            "google_storage_bucket.models"
          ]
        }
      ]
    },
    {
      "mode": "managed",
      "type": "google_storage_bucket_iam_member",
      "name": "training_vertex_ai",
      "provider": "provider[\"registry.terraform.io/hashicorp/google\"]",
      "instances": [
        {
          "schema_version": 0,
          "attributes": {
            "bucket": "b/centering-vine-454613-b3-ml-training-dev",
            "condition": [],
            "etag": "CAI=",
            "id": "b/centering-vine-454613-b3-ml-training-dev/roles/storage.objectAdmin/serviceAccount:vertex-ai-sa-dev@centering-vine-454613-b3.iam.gserviceaccount.com",
            "member": "serviceAccount:vertex-ai-sa-dev@centering-vine-454613-b3.iam.gserviceaccount.com",
            "role": "roles/storage.objectAdmin"
          },
          "sensitive_attributes": [],
          "private": "bnVsbA==",
          "dependencies": [
            "google_project_service.required_apis",
            "google_service_account.vertex_ai",
            "google_storage_bucket.training_artifacts"
          ]
        }
      ]
    },
    {
      "mode": "managed",
      "type": "google_storage_bucket_iam_member",
      "name": "workflows_n8n",
      "provider": "provider[\"registry.terraform.io/hashicorp/google\"]",
      "instances": [
        {
          "schema_version": 0,
          "attributes": {
            "bucket": "b/centering-vine-454613-b3-n8n-workflows-dev",
            "condition": [],
            "etag": "CAI=",
            "id": "b/centering-vine-454613-b3-n8n-workflows-dev/roles/storage.objectAdmin/serviceAccount:n8n-sa-dev@centering-vine-454613-b3.iam.gserviceaccount.com",
            "member": "serviceAccount:n8n-sa-dev@centering-vine-454613-b3.iam.gserviceaccount.com",
            "role": "roles/storage.objectAdmin"
          },
          "sensitive_attributes": [],
          "private": "bnVsbA==",
          "dependencies": [
            "google_project_service.required_apis",
            "google_service_account.n8n",
            "google_storage_bucket.n8n_workflows"
          ]
        }
      ]
    }
  ],
  "check_results": null
}
